cloud.google.com/go v0.26.0/go.mod h1:aQUYkXzVsufM+DwF1aE+0xfcU+56JwCaLick0ClmMTw=
github.com/BurntSushi/toml v0.3.1/go.mod h1:xHWCNGjB5oqiDr8zfno3MHue2Ht5sIBksp03qcyfWMU=
github.com/VividCortex/godaemon v0.0.0-20150910212227-3d9f6e0b234f/go.mod h1:Y8CJ3IwPIAkMhv/rRUWIlczaeqd9ty9yrl+nc2AbaL4=
github.com/agl/ed25519 v0.0.0-20170116200512-5312a6153412 h1:w1UutsfOrms1J05zt7ISrnJIXKzwaspym5BTKGx93EI=
github.com/agl/ed25519 v0.0.0-20170116200512-5312a6153412/go.mod h1:WPjqKcmVOxf0XSf3YxCJs6N6AOSrOx3obionmG7T0y0=
github.com/btcsuite/btcd v0.0.0-20170911041046-91e5ba1a8008 h1:EIbezerJIdZcSI5IHhG3yh2DuMFXqtN5FqnigT83VKo=
github.com/btcsuite/btcd v0.0.0-20170911041046-91e5ba1a8008/go.mod h1:Dmm/EzmjnCiweXmzRIAiUWCInVmPgjkzgv5k4tVyXiQ=
github.com/btcsuite/btcutil v0.0.0-20170726183619-501929d3d046 h1:U/592rFHSSO4Vl5CO6XOvcx+Q2p+re6nUlu6J7oCv5c=
github.com/btcsuite/btcutil v0.0.0-20170726183619-501929d3d046/go.mod h1:+5NJ2+qvTyV9exUAL/rxXi3DcLg2Ts+ymUAY5y4NvMg=
github.com/client9/misspell v0.3.4/go.mod h1:qj6jICC3Q7zFZvVWo7KLAzC3yx5G7kyvSDkc90ppPyw=
github.com/coreos/go-semver v0.2.0 h1:3Jm3tLmsgAYcjC+4Up7hJrFBPr+n7rAqYeSw/SZazuY=
github.com/coreos/go-semver v0.2.0/go.mod h1:nnelYz7RCh+5ahJtPPxZlU+153eP4D4r3EedlOD2RNk=
github.com/davecgh/go-spew v1.1.0 h1:ZDRjVQ15GmhC3fiQ8ni8+OwkZQO4DARzQgrnXU1Liz8=
github.com/davecgh/go-spew v1.1.0/go.mod h1:J7Y8YcW2NihsgmVo/mv3lAwl/skON4iLHjSsI+c5H38=
github.com/docker/spdystream v0.0.0-20170912183627-bc6354cbbc29 h1:llBx5m8Gk0lrAaiLud2wktkX/e8haX7Ru0oVfQqtZQ4=
github.com/docker/spdystream v0.0.0-20170912183627-bc6354cbbc29/go.mod h1:Qh8CwZgvJUkLughtfhJv5dyTYa91l1fOUCrgjqmcifM=
github.com/fd/go-nat v0.0.0-20150508093758-dcaf50131e48 h1:v29Hv5QMndSOwq3v1/y2GWypWAsN69zgb1FUIHmiAkg=
github.com/fd/go-nat v0.0.0-20150508093758-dcaf50131e48/go.mod h1:fXuf+ijr1VyNV8hJPUjWZ5n0GJpDj9oyBpXmqGpVS0c=
github.com/gogo/protobuf v0.0.0-20170307180453-100ba4e88506 h1:zDlw+wgyXdfkRuvFCdEDUiPLmZp2cvf/dWHazY0a5VM=
github.com/gogo/protobuf v0.0.0-20170307180453-100ba4e88506/go.mod h1:r8qH/GZQm5c6nD/R0oafs1akxWv10x8SbQlK7atdtwQ=
github.com/golang/glog v0.0.0-20160126235308-23def4e6c14b/go.mod h1:SBH7ygxi8pfUlaOkMMuAQtPIUF8ecWP5IEl/CR7VP2Q=
github.com/golang/mock v1.0.0/go.mod h1:oTYuIxOrZwtPieC+H1uAHpcLFnEyAGVDL/k47Jfbm0A=
github.com/golang/mock v1.1.1/go.mod h1:oTYuIxOrZwtPieC+H1uAHpcLFnEyAGVDL/k47Jfbm0A=
github.com/golang/protobuf v0.0.0-20170919002109-ae59567b9aab h1:pKZ+/IABId4Dwwc1jMYLn6ZkJaT96kzZAZ0yG9wXraA=
github.com/golang/protobuf v0.0.0-20170919002109-ae59567b9aab/go.mod h1:6lQm79b+lXiMfvg/cZm0SGofjICqVBUtrP5yJMmIC1U=
github.com/golang/protobuf v1.2.0/go.mod h1:6lQm79b+lXiMfvg/cZm0SGofjICqVBUtrP5yJMmIC1U=
github.com/golang/protobuf v1.3.2 h1:6nsPYzhq5kReh6QImI3k5qWzO4PEbvbIW2cwSfR/6xs=
github.com/golang/protobuf v1.3.2/go.mod h1:6lQm79b+lXiMfvg/cZm0SGofjICqVBUtrP5yJMmIC1U=
github.com/golang/snappy v0.0.0-20170215233205-553a64147049 h1:K9KHZbXKpGydfDN0aZrsoHpLJlZsBrGMFWbgLDGnPZk=
github.com/golang/snappy v0.0.0-20170215233205-553a64147049/go.mod h1:/XxbfmMg8lxefKM7IXC3fBNl/7bRcc72aCRzEWrmP2Q=
github.com/google/go-cmp v0.2.0/go.mod h1:oXzfMopK8JAjlY9xF4vHSVASa0yLyX7SntLO5aqRK0M=
github.com/gorilla/websocket v1.2.0 h1:VJtLvh6VQym50czpZzx07z/kw9EgAxI3x1ZB8taTMQQ=
github.com/gorilla/websocket v1.2.0/go.mod h1:E7qHFY5m1UJ88s3WnNqhKjPHQ0heANvMoAMk2YaljkQ=
github.com/grpc-ecosystem/go-grpc-middleware v0.0.0-20180108155640-d0c54e68681e h1:/XKVmUBGYXH2ATirG2/iYpdgEUByNlIe4qqn7Au3DQM=
github.com/grpc-ecosystem/go-grpc-middleware v0.0.0-20180108155640-d0c54e68681e/go.mod h1:FiyG127CGDf3tlThmgyCl78X/SZQqEOJBCDaAfeWzPs=
github.com/grpc-ecosystem/grpc-gateway v1.3.1 h1:k2neygAEBYavP90THffKBVlkASdxu4XiI8cAWuL3MG0=
github.com/grpc-ecosystem/grpc-gateway v1.3.1/go.mod h1:RSKVYQBd5MCa4OVpNdGskqpgL2+G+NZTnrVHpWWfpdw=
github.com/gxed/GoEndian v0.0.0-20160916112711-0f5c6873267e/go.mod h1:vckkIQ0K+GGne8aC4LseYg586YwBQhOxXMXGAmKsCdY=
github.com/gxed/eventfd v0.0.0-20160916113412-80a92cca79a8/go.mod h1:UNZeDpt9TUOMKVo89Fm0D2Ql3htmIN8BzxIcQcmogzs=
github.com/gxed/hashland v0.0.0-20180221191214-d9f6b97f8db2 h1:neM/RzmgBKxsJ3ioEZnIQmgQQq/sn6xDqYOEYnH3RYM=
github.com/gxed/hashland v0.0.0-20180221191214-d9f6b97f8db2/go.mod h1:YUhWml1NaWLTNBl4NPptkB8MadfaIhgq+a2TRc+Mw4Q=
github.com/hashicorp/golang-lru v0.0.0-20160813221303-0a025b7e63ad h1:eMxs9EL0PvIGS9TTtxg4R+JxuPGav82J8rA+GFnY7po=
github.com/hashicorp/golang-lru v0.0.0-20160813221303-0a025b7e63ad/go.mod h1:/m3WP610KZHVQ1SGc6re/UDhFvYD7pJ4Ao+sR/qLZy8=
github.com/huin/goupnp v0.0.0-20170901153048-5b7801abd885 h1:5o4+maNJiAGRjTEl9I3mYq6cQenOARvkESdbVkMoKCQ=
github.com/huin/goupnp v0.0.0-20170901153048-5b7801abd885/go.mod h1:MZ2ZmwcBpvOoJ22IJsc7va19ZwoheaBk43rKg12SKag=
github.com/influxdata/influxdb v1.4.2 h1:pq6sesLixc1JKoF0P+n3DgijC0UlWi6ZQh01o3qu2f0=
github.com/influxdata/influxdb v1.4.2/go.mod h1:qZna6X/4elxqT3yI9iZYdZrWWdeFOOprn86kgg4+IzY=
github.com/ipfs/go-ipfs-util v0.0.0-20170710220138-ca91b45d2e77 h1:Du5eAm8W4xtNKiXTAKH4LLflmnTY9PU2VQJsDnqB0zo=
github.com/ipfs/go-ipfs-util v0.0.0-20170710220138-ca91b45d2e77/go.mod h1:bmXd4M1Sn0MFKptfxu9KuWvtHySyFMzkSd2rcT8Hw80=
github.com/ipfs/go-log v0.0.0-20170316184329-48d644b006ba h1:uNCCobuLtO9lBjzFuRj7c7BbUI5ZrR3VIWEfDFNiUlg=
github.com/ipfs/go-log v0.0.0-20170316184329-48d644b006ba/go.mod h1:AKYS9u+ECLT8t30brTaoVwu3f1FpGx6C0352oI1zQ0Q=
github.com/jackpal/gateway v1.0.4 h1:LS5EHkLuQ6jzaHwULi0vL+JO0mU/n4yUtK8oUjHHOlM=
github.com/jackpal/gateway v1.0.4/go.mod h1:lTpwd4ACLXmpyiCTRtfiNyVnUmqT9RivzCDQetPfnjA=
github.com/jackpal/go-nat-pmp v1.0.1 h1:i0LektDkO1QlrTm/cSuP+PyBCDnYvjPLGl4LdWEMiaA=
github.com/jackpal/go-nat-pmp v1.0.1/go.mod h1:QPH045xvCAeXUZOxsnwmrtiCoxIr9eob+4orBN1SBKc=
github.com/jbenet/go-base58 v0.0.0-20150317085156-6237cf65f3a6 h1:4zOlv2my+vf98jT1nQt4bT/yKWUImevYPJ2H344CloE=
github.com/jbenet/go-base58 v0.0.0-20150317085156-6237cf65f3a6/go.mod h1:r/8JmuR0qjuCiEhAolkfvdZgmPiHTnJaG0UXCSeR1Zo=
github.com/jbenet/go-temp-err-catcher v0.0.0-20150120210811-aac704a3f4f2 h1:vhC1OXXiT9R2pczegwz6moDvuRpggaroAXhPIseh57A=
github.com/jbenet/go-temp-err-catcher v0.0.0-20150120210811-aac704a3f4f2/go.mod h1:8GXXJV31xl8whumTzdZsTt3RnUIiPqzkyf7mxToRCMs=
github.com/jbenet/goprocess v0.0.0-20160826012719-b497e2f366b8 h1:bspPhN+oKYFk5fcGNuQzp6IGzYQSenLEgH3s6jkXrWw=
github.com/jbenet/goprocess v0.0.0-20160826012719-b497e2f366b8/go.mod h1:Ly/wlsjFq/qrU3Rar62tu1gASgGw6chQbSh/XgIIXCY=
github.com/lestrrat/go-file-rotatelogs v0.0.0-20180223000712-d3151e2a480f h1:sgUSP4zdTUZYZgAGGtN5Lxk92rK+JUFOwf+FT99EEI4=
github.com/lestrrat/go-file-rotatelogs v0.0.0-20180223000712-d3151e2a480f/go.mod h1:UGmTpUd3rjbtfIpwAPrcfmGf/Z1HS95TATB+m57TPB8=
github.com/lestrrat/go-strftime v0.0.0-20170113112000-04ef93e28531 h1:qA9RB9NobSxHKYfJrOcqHFL8uanRWCG3+rN4CibuNPc=
github.com/lestrrat/go-strftime v0.0.0-20170113112000-04ef93e28531/go.mod h1:TPpsiPUEh0zFL1Snz4crhMlBe60PYxRHr5oFF3rRYg0=
github.com/libp2p/go-addr-util v0.0.0-20170905232522-fb087e3ab2ff h1:zO8XzYq0Ex+DcgKXt4xLdKJNnEwNrhII8NsR3osQ+eY=
github.com/libp2p/go-addr-util v0.0.0-20170905232522-fb087e3ab2ff/go.mod h1:doh2auL/Rkfq1xHxDrWJGHZ8yDojPerOZoPu9XVwRB8=
github.com/libp2p/go-libp2p v0.0.0-20171205005201-edb6434ddf45 h1:3LwnE3kt/R4rKt8P9zNdKT0QlhZaDtPrjgETQaLfmyo=
github.com/libp2p/go-libp2p v0.0.0-20171205005201-edb6434ddf45/go.mod h1:CyUlFa6Mw04PkmMg8gBIlHUl8j3TrEiA6oFiF4SgD8w=
github.com/libp2p/go-libp2p-circuit v0.0.0-20171205003327-4730183d80de h1:ulpmU/PzfUd3pnyFs+Quavi8KB30FVXaHe0Dh4EmJ2A=
github.com/libp2p/go-libp2p-circuit v0.0.0-20171205003327-4730183d80de/go.mod h1:DH3RV0Tb4cHZAdSsdNOitADXTqRiFZxJmSk7mMcCFN4=
github.com/libp2p/go-libp2p-conn v0.0.0-20171205001636-cac05849bae7 h1:ZvUYWqDdRercz702kgDvnj5rLyNslLzsf7uywIUuF2k=
github.com/libp2p/go-libp2p-conn v0.0.0-20171205001636-cac05849bae7/go.mod h1:No5WjIHXYt8XyDsAZT7GslkIZ++5t780/GDaBuAmQYs=
github.com/libp2p/go-libp2p-crypto v0.0.0-20170706183540-e89e1de117dd h1:bPGzE/5PTzZIhanHgkn1ixYhoazqMST33tG/NMPm/sE=
github.com/libp2p/go-libp2p-crypto v0.0.0-20170706183540-e89e1de117dd/go.mod h1:WHpT3tvhh7GM2INNJhQBuI6J+5z/o3QI0lTF5UVjppk=
github.com/libp2p/go-libp2p-host v0.0.0-20171205002152-75df99651313 h1:GqZ+1VDLaqAILP5e4Xl1btgHxblAOU2Xv9hyNM1fdvI=
github.com/libp2p/go-libp2p-host v0.0.0-20171205002152-75df99651313/go.mod h1:iAthoepYpyqzb89f4RmqzF9+ebsWPFBTvSedSlcWupg=
github.com/libp2p/go-libp2p-interface-conn v0.0.0-20171205001306-e4aa48663dcc h1:KIV8OhFx/++wGHKMiNHpc/NFiUGwrLmz1fH9ixCRYtM=
github.com/libp2p/go-libp2p-interface-conn v0.0.0-20171205001306-e4aa48663dcc/go.mod h1:DEXee5HjCVH0hAHzM9HSNKhbZ/Ddc8Ku4J6QRA7j9EI=
github.com/libp2p/go-libp2p-interface-connmgr v0.0.0-20171205002100-2d407456dc00 h1:Jz7dxwxKJokcx6legZbcokdV2ism5JLy/wFkWVw53rw=
github.com/libp2p/go-libp2p-interface-connmgr v0.0.0-20171205002100-2d407456dc00/go.mod h1:2LbTwxMveREcmkOWo/s6MM7xDvSZbW8J8kYDF4Mj648=
github.com/libp2p/go-libp2p-interface-pnet v0.0.0-20171205001427-5f0531425ec8 h1:mP2/6C0lMB6eMsIOajsg4u1PjkmimEHxrj/T1fcImCo=
github.com/libp2p/go-libp2p-interface-pnet v0.0.0-20171205001427-5f0531425ec8/go.mod h1:el9jHpQAXK5dnTpKA4yfCNBZXvrzdOU75zz+C6ryp3k=
github.com/libp2p/go-libp2p-kbucket v0.0.0-20171205005633-5ce3bb926eee h1:Rw0uqyDcfXJQxhcAc5GkaHAxMkKiEYRg520BDiSt0vA=
github.com/libp2p/go-libp2p-kbucket v0.0.0-20171205005633-5ce3bb926eee/go.mod h1:MTtm31eal94QTxVOWYTDZ6G1YOJRN2G3ESQHbaPytLk=
github.com/libp2p/go-libp2p-loggables v0.0.0-20171204051136-6e6fb87d3d93 h1:z3gv42tUPcN8UR0WL7+kDjkl3wDKOmRykGjyX+KqDmo=
github.com/libp2p/go-libp2p-loggables v0.0.0-20171204051136-6e6fb87d3d93/go.mod h1:jcP5HmpEBcQ2w5u9xhLkCv73GBPKz3weC/s6ZWhXn+k=
github.com/libp2p/go-libp2p-metrics v0.0.0-20171205001832-1ac87496e992 h1:JeYrVRTRu0RGMN/7WpQXeoMmO5QIVcnIWihXDAFpUiE=
github.com/libp2p/go-libp2p-metrics v0.0.0-20171205001832-1ac87496e992/go.mod h1:ko4lRyuvbgwwxD2TJvt2RHONahjJlkn6l7L/iEbJBf0=
github.com/libp2p/go-libp2p-nat v0.0.0-20171205002530-22f3bbcb92c0 h1:8Pts5DKkU1/XxbUZXizST97K4dker6ygr9/2JEyz+Js=
github.com/libp2p/go-libp2p-nat v0.0.0-20171205002530-22f3bbcb92c0/go.mod h1:cA6+rN+EcOAzmSL3vQ53VxX/FfOL1WGeJUvZgqjm2eQ=
github.com/libp2p/go-libp2p-net v0.0.0-20171205001734-f4c6c7b7bcf2 h1:iAJBIPn+GJ4PIJSYUIl0DEhs0UF+jU4vqVVq72SUei8=
github.com/libp2p/go-libp2p-net v0.0.0-20171205001734-f4c6c7b7bcf2/go.mod h1:8W6Wx3AZbTRTe8zSMLoAmT3mGyau+w6kGIRk+Z+MZ7Q=
github.com/libp2p/go-libp2p-peer v0.0.0-20171204043413-bbf6c212429f h1:wC4aGYFr+K8nTa3NB3o55HhJI5+fFK4XJHMOduivi4w=
github.com/libp2p/go-libp2p-peer v0.0.0-20171204043413-bbf6c212429f/go.mod h1:fS2eFKRO1IomwBAf+SuE8P1XOT/AAiqSgVPNIFA7Jc0=
github.com/libp2p/go-libp2p-peerstore v0.0.0-20171204043715-89838b9577a2 h1:PDhoqscg3pConba8I949G7BBcOk6i7SGNIM3K8sGxAI=
github.com/libp2p/go-libp2p-peerstore v0.0.0-20171204043715-89838b9577a2/go.mod h1:lLfgn0N3z2t+ER57a88K7NTZjMO27ez5TyWSURd428E=
github.com/libp2p/go-libp2p-protocol v0.0.0-20161004004949-e34f0d7468b3 h1:jULsk+tidMOZEr6YkWwNbpztkc5Vjkn/a4BjwPXXX2I=
github.com/libp2p/go-libp2p-protocol v0.0.0-20161004004949-e34f0d7468b3/go.mod h1:Af9n4PiruirSDjHycM1QuiMi/1VZNHYcK8cLgFJLZ4s=
github.com/libp2p/go-libp2p-secio v0.0.0-20171215192220-0cdc8339ad2e h1:D7MB6FL8UzgAi7r4HBsQCIBSBhuA19hjBnq+2Ls+kY0=
github.com/libp2p/go-libp2p-secio v0.0.0-20171215192220-0cdc8339ad2e/go.mod h1:U7wBlYK2sZbUiTaGe6xJd/fyNq40gwn+jBk/iEUbUrA=
github.com/libp2p/go-libp2p-swarm v0.0.0-20171205002345-0c514e78b69f h1:LNJyRFldHVj7aeo96+Q/Kjrq7nk5UYzui+ccpS9tA9Q=
github.com/libp2p/go-libp2p-swarm v0.0.0-20171205002345-0c514e78b69f/go.mod h1:NHa7cA4/y8OKFw3BHQjLL9pwPDFXkgECO/k+2gqSFuk=
github.com/libp2p/go-libp2p-transport v0.0.0-20171204234009-6ab1c8a1eaa7 h1:/9qeexOMIm0VKE9JNOVBF24XRetiYm/IIu65y4SRu7o=
github.com/libp2p/go-libp2p-transport v0.0.0-20171204234009-6ab1c8a1eaa7/go.mod h1:lcwgOszllbhvQXul37Kv5YbSYXPoUhRB2Z+Nr3jaBmo=
github.com/libp2p/go-maddr-filter v0.0.0-20171204051148-4e9ea17d7a48 h1:Xg4zZinSq3QDnAvWfPmma10Siw05faYNdyi0XBNzqHA=
github.com/libp2p/go-maddr-filter v0.0.0-20171204051148-4e9ea17d7a48/go.mod h1:9uHkmfw086BVLQyQFAbe/peEO9Iley6dafqm3cKHIAk=
github.com/libp2p/go-msgio v0.0.0-20171211220509-d82125c9907e h1:O8GIWskP6bLvJUqwLlkXrjNG3oG2VDHNfEQ8JAf6Nzc=
github.com/libp2p/go-msgio v0.0.0-20171211220509-d82125c9907e/go.mod h1:u5M7EDois/gQxdPuEfNYQks5cAu9oxUGDU3dRkGping=
github.com/libp2p/go-peerstream v0.0.0-20171204234243-897bba6345df h1:AmOQrxAyLvjeRyFfVT9OH4gOk6tcWtr5DPK4GnS1gak=
github.com/libp2p/go-peerstream v0.0.0-20171204234243-897bba6345df/go.mod h1:Lo73EvxMfaJ5daMt8bcwv/o6z9cWlN2hXcf2CVWwVAc=
github.com/libp2p/go-reuseport v0.0.0-20171212210421-2a863ed0ff11 h1:mqTlgyhyjvKgwLZAmNZiRbz0eBU4Bu5Z9/rrJhBxSr8=
github.com/libp2p/go-reuseport v0.0.0-20171212210421-2a863ed0ff11/go.mod h1:UeLFiw50cCfyDHBpU0sXBR8ul1MO/m51mXpRO/SYjCE=
github.com/libp2p/go-sockaddr v0.0.0-20171213003224-7f35106c80c6 h1:AYcA27w9XpZDwszHa/3BGjeYSOePFHSxD9ziwyof8/c=
github.com/libp2p/go-sockaddr v0.0.0-20171213003224-7f35106c80c6/go.mod h1:N/q858DTOi0BT81GpvIRIls1x7my5oLpbxYZnbRXVBM=
github.com/libp2p/go-stream-muxer v0.0.0-20170825000023-740c590020d8 h1:Sh2LuKBhL3NryE7VCL90hG2jMmy3nq1N1PjM7OtT4FM=
github.com/libp2p/go-stream-muxer v0.0.0-20170825000023-740c590020d8/go.mod h1:bAo8x7YkSpadMTbtTaxGVHWUQsR/l5MEaHbKaliuT14=
github.com/libp2p/go-tcp-transport v0.0.0-20171204235106-67ea83433b54 h1:+KwFaglP+MoqKwuW/LhktvBEg8GJAtmqq920wG2zMX8=
github.com/libp2p/go-tcp-transport v0.0.0-20171204235106-67ea83433b54/go.mod h1:K6Zi9TkPvn5m/m0bktlJ6Fv9Vna2wvr/jiCtTRC7T8o=
github.com/libp2p/go-ws-transport v0.0.0-20171205000330-de6160a1d0a6 h1:SLpiRgX8OLt9Hdo9DGTQSiIIqg9hiEgqRSDstmpQYo4=
github.com/libp2p/go-ws-transport v0.0.0-20171205000330-de6160a1d0a6/go.mod h1:qx7Dcw4onTaVNI3iG6q3XOKwNQWnXYhNEHYmhgQmKKk=
github.com/minio/blake2b-simd v0.0.0-20160723061019-3f5f724cb5b1 h1:lYpkrQH5ajf0OXOcUbGjvZxxijuBwbbmlSxLiuofa+g=
github.com/minio/blake2b-simd v0.0.0-20160723061019-3f5f724cb5b1/go.mod h1:pD8RvIylQ358TN4wwqatJ8rNavkEINozVn9DtGI3dfQ=
github.com/minio/sha256-simd v0.0.0-20171213220625-ad98a36ba0da h1:tazA5y1hWYJO8VSYbU36yBhXeIvruLXMUKu6WBtcJck=
github.com/minio/sha256-simd v0.0.0-20171213220625-ad98a36ba0da/go.mod h1:2FMWW+8GMoPweT6+pI63m9YE3Lmw4J71hV56Chs1E/U=
github.com/mr-tron/base58 v0.0.0-20171218005042-c1bdf7c52f59 h1:pgwekSBxoGKOH8PZE3Xs4m+6F3JDKEnyxicQ1Jd+EjA=
github.com/mr-tron/base58 v0.0.0-20171218005042-c1bdf7c52f59/go.mod h1:xcD2VGqlgYjBdcBLw+TuYLr8afG+Hj8g2eTVqeSzSU8=
github.com/multiformats/go-multiaddr v0.0.0-20171204043508-fb72fb2a8ef8 h1:bNOj18FWAlXXLtR8AJ+FHLplgZJn93QAhu/eJc99Tek=
github.com/multiformats/go-multiaddr v0.0.0-20171204043508-fb72fb2a8ef8/go.mod h1:1JAWc2R8uiQTLrCHI/lmOkXYu5B8025fQbZjq8//YgY=
github.com/multiformats/go-multiaddr-dns v0.0.0-20171205003848-87ed7a046771 h1:ApVYx8T+y5jWXBNJ1LycJXolKkkXg7bnCWL8L4ZKsDE=
github.com/multiformats/go-multiaddr-dns v0.0.0-20171205003848-87ed7a046771/go.mod h1:IGZKFM4G96cYgdMcUmHx5gtJxiHmvZLTQ9rdWXMKJyo=
github.com/multiformats/go-multiaddr-net v0.0.0-20171204233249-4ce984eed7a8 h1:IedHiF2OmHGiE87Mk02akWEZ2D//58DvbgikOzV0bkk=
github.com/multiformats/go-multiaddr-net v0.0.0-20171204233249-4ce984eed7a8/go.mod h1:AO4WqKzxLt+paJ0N0kufj6teQ2R6fZbnItDvGTwilmk=
github.com/multiformats/go-multicodec v0.0.0-20171120210824-fd289ac41fba/go.mod h1:lliaRHbcG8q33yf4Ot9BGD7JqR/Za9HE7HTyVyKwrUQ=
github.com/multiformats/go-multicodec-packed v0.0.0-20170628195252-0ee69486dc1c h1:scTT+LGbKBhZhZd0To8UAM9rw/7+VwmaDtlP+e+u494=
github.com/multiformats/go-multicodec-packed v0.0.0-20170628195252-0ee69486dc1c/go.mod h1:w2ZPLtfSPxjTTRF2tefIva9Uv1UjDT/9K6LV9q79Kjk=
github.com/multiformats/go-multihash v0.0.0-20180221200115-468a1b73e980 h1:lDMj+gO3Sr6RkiFxq/TQ7Lli79I6ONIPp3NMrQuAUSU=
github.com/multiformats/go-multihash v0.0.0-20180221200115-468a1b73e980/go.mod h1:sT17phG+xVgnrZc8ht/ZoCIV0sKRwvmZkXk46UfSxM4=
github.com/multiformats/go-multistream v0.0.0-20170110174942-661a0b9a0e6d h1:93orynji7coR6RO6UD0WqI+uijp1kxhSle8Et5IbURw=
github.com/multiformats/go-multistream v0.0.0-20170110174942-661a0b9a0e6d/go.mod h1:fJTiDfXJVmItycydCnNx4+wSzZ5NwG2FEVAI30fiovg=
github.com/nebulasio/grpc-gateway v0.0.0-20180319130245-9ed0e3fde466 h1:pfwWF+onojqzChE6wiqJylZOHJLwf1efQQIBFuGexO4=
github.com/nebulasio/grpc-gateway v0.0.0-20180319130245-9ed0e3fde466/go.mod h1:TkNBETzHPjKji9Ze8g7GTaHcUPYGrUHbZAijPUBjhyU=
github.com/peterh/liner v0.0.0-20170902204657-a37ad3984311 h1:xRwmeNdJsGsmeICfdX4pll/RcjVeir449J/lyHM+pB4=
github.com/peterh/liner v0.0.0-20170902204657-a37ad3984311/go.mod h1:xIteQHvHuaLYG9IFj6mSxM0fCKrs34IrEQUhOYuGPHc=
github.com/pkg/errors v0.8.0 h1:WdK/asTD0HN+q6hsWO3/vpuAkAr+tw6aNJNDFFf0+qw=
github.com/pkg/errors v0.8.0/go.mod h1:bwawxfHBFNV+L2hUp1rHADufV3IMtnDRdf1r5NINEl0=
github.com/pmezard/go-difflib v1.0.0 h1:4DBwDE0NGyQoBHbLQYPwSUPoCMWR5BEzIk/f1lZbAQM=
github.com/pmezard/go-difflib v1.0.0/go.mod h1:iKH77koFhYxTK1pcRnkKkqfTogsbg7gZNVY4sRDYZ/4=
github.com/rcrowley/go-metrics v0.0.0-20161128210544-1f30fe9094a5 h1:gwcdIpH6NU2iF8CmcqD+CP6+1CkRBOhHaPR+iu6raBY=
github.com/rcrowley/go-metrics v0.0.0-20161128210544-1f30fe9094a5/go.mod h1:bCqnVzQkZxMG4s8nGwiZ5l3QUCyqpo9Y+/ZMZ9VjZe4=
github.com/rifflock/lfshook v0.0.0-20171212201755-1e6869029fcb h1:6j/H3XSr4c7D26Eq4yOGKPvVeWamMzwTPyiYJwvIg4k=
github.com/rifflock/lfshook v0.0.0-20171212201755-1e6869029fcb/go.mod h1:GEXHk5HgEKCvEIIrSpFI3ozzG5xOKA2DVlEX/gGnewM=
github.com/robertkrimen/otto v0.0.0-20171011060714-68a29f5e29b1 h1:hoH2Xbm98drab99z2WzGRLN0GOUsouEdXiiS1Z4i7Zc=
github.com/robertkrimen/otto v0.0.0-20171011060714-68a29f5e29b1/go.mod h1:xvqspoSXJTIpemEonrMDFq6XzwHYYgToXWj5eRX1OtY=
github.com/rs/cors v1.3.0 h1:R0sy4XekGcOFoby9D76NXXg2birJ3WFkzGvXF9Kn3xE=
github.com/rs/cors v1.3.0/go.mod h1:gFx+x8UowdsKA9AchylcLynDq+nNFfI8FkUZdN/jGCU=
github.com/satori/go.uuid v1.1.0 h1:B9KXyj+GzIpJbV7gmr873NsY6zpbxNy24CBtGrk7jHo=
github.com/satori/go.uuid v1.1.0/go.mod h1:dA0hQrYB0VpLJoorglMZABFdXlWrHn1NEOzdhQKdks0=
github.com/sirupsen/logrus v1.0.3 h1:B5C/igNWoiULof20pKfY4VntcIPqKuwEmoLZrabbUrc=
github.com/sirupsen/logrus v1.0.3/go.mod h1:pMByvHTf9Beacp5x1UXfOR9xyW/9antXMhjMPG0dEzc=
github.com/spaolacci/murmur3 v0.0.0-20150829172844-0d12bf811670 h1:hKP4ACPoBBCnBbhoiuJXiYlSDhAvC9s4lgzAPmtVdU0=
github.com/spaolacci/murmur3 v0.0.0-20150829172844-0d12bf811670/go.mod h1:JwIasOWyU6f++ZhiEuf87xNszmSA2myDM2Kzu9HwQUA=
github.com/stretchr/testify v0.0.0-20170809224252-890a5c3458b4 h1:InXsxTNd7R4kIHKuA052litAUzokFLqjgbmhpUQTAs8=
github.com/stretchr/testify v0.0.0-20170809224252-890a5c3458b4/go.mod h1:a8OnRcib4nhh0OaRAV+Yts87kKdq0PP7pXfy6kDkUVs=
github.com/syndtr/goleveldb v0.0.0-20170725064836-b89cc31ef797 h1:eDCldGfZxcrXnTnynVsYUmABi9pCd/fhhh6SpKAa2dA=
github.com/syndtr/goleveldb v0.0.0-20170725064836-b89cc31ef797/go.mod h1:Z4AUp2Km+PwemOoO/VB5AOx9XSsIItzFjoJlOSiYmn0=
github.com/tecbot/gorocksdb v0.0.0-20180126124123-3e4761527744 h1:Yp1OLxS1l4pQzDB6YIgpmQXJLq6LbZ1fC/zorKOGAWQ=
github.com/tecbot/gorocksdb v0.0.0-20180126124123-3e4761527744/go.mod h1:ahpPrc7HpcfEWDQRZEmnXMzHY03mLDYMCxeDzy46i+8=
github.com/urfave/cli v1.20.0 h1:fDqGv3UG/4jbVl/QkFwEdddtEDjh/5Ov6X+0B/3bPaw=
github.com/urfave/cli v1.20.0/go.mod h1:70zkFmudgCuE/ngEzBv17Jvp/497gISqfk5gWijbERA=
github.com/whyrusleeping/go-logging v0.0.0-20170515211332-0457bb6b88fc h1:9lDbC6Rz4bwmou+oE6Dt4Cb2BGMur5eR/GYptkKUVHo=
github.com/whyrusleeping/go-logging v0.0.0-20170515211332-0457bb6b88fc/go.mod h1:bopw91TMyo8J3tvftk8xmU2kPmlrt4nScJQZU2hE5EM=
github.com/whyrusleeping/go-metrics v0.0.0-20151119000848-1ca5caed0cfa h1:jZ+OYlrqN5Fk5pquDFlU3/48KCYagfdMTIY/gChh2g4=
github.com/whyrusleeping/go-metrics v0.0.0-20151119000848-1ca5caed0cfa/go.mod h1:iryNtIUQNZP2BvUHxXXWTEUQXEVnTmVyvW/lfqn56I8=
github.com/whyrusleeping/go-notifier v0.0.0-20170827234753-097c5d47330f h1:M/lL30eFZTKnomXY6huvM6G0+gVquFNf6mxghaWlFUg=
github.com/whyrusleeping/go-notifier v0.0.0-20170827234753-097c5d47330f/go.mod h1:cZNvX9cFybI01GriPRMXDtczuvUhgbcYr9iCGaNlRv8=
github.com/whyrusleeping/go-smux-multistream v0.0.0-20170912214402-afa6825376c1 h1:g+uFsE1Fy7wWcTM3gNbXitD2wnuUy/vFokga+Zz+HLI=
github.com/whyrusleeping/go-smux-multistream v0.0.0-20170912214402-afa6825376c1/go.mod h1:dRWHHvc4HDQSHh9gbKEBbUZ+f2Q8iZTPG3UOGYODxSQ=
github.com/whyrusleeping/go-smux-spdystream v0.0.0-20170912225229-a6182ff2a058 h1:XspnP4lKurQYnUOwO8MKa1M8odspOp9gW0/bgUkergw=
github.com/whyrusleeping/go-smux-spdystream v0.0.0-20170912225229-a6182ff2a058/go.mod h1:inhtXtzyFlJUtRQxtel8sEl7gUV8U4iV14/11LJg9e8=
github.com/whyrusleeping/go-smux-yamux v2.0.1+incompatible h1:eAWkPVakSWD8k0fm+668r2TisI0zXM1NxddMQ0k30Dw=
github.com/whyrusleeping/go-smux-yamux v2.0.1+incompatible/go.mod h1:6qHUzBXUbB9MXmw3AUdB52L8sEb/hScCqOdW2kj/wuI=
github.com/whyrusleeping/mafmt v1.2.3 h1:DqIpjDhJ+D0y7QrAnEXjbKbiqAjaZjTjPeFbpZjEv0w=
github.com/whyrusleeping/mafmt v1.2.3/go.mod h1:faQJFPbLSxzD9xpA02ttW/tS9vZykNvXwGvqIpk20FA=
github.com/whyrusleeping/multiaddr-filter v0.0.0-20160516205228-e903e4adabd7 h1:E9S12nwJwEOXe2d6gT6qxdvqMnNq+VnSsKPgm2ZZNds=
github.com/whyrusleeping/multiaddr-filter v0.0.0-20160516205228-e903e4adabd7/go.mod h1:X2c0RVCI1eSUFI8eLcY3c0423ykwiUdxLJtkDvruhjI=
github.com/whyrusleeping/yamux v1.0.5 h1:fdvSi+3A5rGQmVgdnV45UEfIg4yXER7IBdSxRZrxRQk=
github.com/whyrusleeping/yamux v1.0.5/go.mod h1:E8LnQQ8HKx5KD29HZFUwM1PxCOdPRzGwur1mcYhXcD8=
github.com/willf/bitset v1.1.3 h1:ekJIKh6+YbUIVt9DfNbkR5d6aFcFTLDRyJNAACURBg8=
github.com/willf/bitset v1.1.3/go.mod h1:RjeCKbqT1RxIR/KWY6phxZiaY1IyutSBfGjNPySAYV4=
github.com/willf/bloom v2.0.3+incompatible h1:QDacWdqcAUI1MPOwIQZRy9kOR7yxfyEmxX8Wdm2/JPA=
github.com/willf/bloom v2.0.3+incompatible/go.mod h1:MmAltL9pDMNTrvUkxdg0k0q5I0suxmuwp3KbyrZLOZ8=
golang.org/x/crypto v0.0.0-20190308221718-c2843e01d9a2/go.mod h1:djNgcEr1/C05ACkg1iLfiJU5Ep61QUkGW8qpdssI0+w=
golang.org/x/crypto v0.0.0-20190701094942-4def268fd1a4 h1:HuIa8hRrWRSrqYzx1qI49NNxhdi2PrY7gxVSq1JjLDc=
golang.org/x/crypto v0.0.0-20190701094942-4def268fd1a4/go.mod h1:yigFU9vqHzYiE8UmvKecakEJjdnWj3jj499lnFckfCI=
golang.org/x/exp v0.0.0-20190121172915-509febef88a4/go.mod h1:CJ0aWSM057203Lf6IL+f9T1iT9GByDxfZKAQTCR3kQA=
golang.org/x/lint v0.0.0-20181026193005-c67002cb31c3/go.mod h1:UVdnD1Gm6xHRNCYTkRU2/jEulfH38KcIWyp/GAMgvoE=
golang.org/x/lint v0.0.0-20190227174305-5b3e6a55c961/go.mod h1:wehouNa3lNwaWXcvxsM5YxQ5yQlVC4a0KAMCusXpPoU=
golang.org/x/lint v0.0.0-20190313153728-d0100b6bd8b3/go.mod h1:6SW0HCj/g11FgYtHlgUYUwCkIfeOF89ocIRzGO/8vkc=
golang.org/x/net v0.0.0-20180724234803-3673e40ba225/go.mod h1:mL1N/T3taQHkDXs73rZJwtUhF3w3ftmwwsq0BUmARs4=
golang.org/x/net v0.0.0-20180826012351-8a410e7b638d/go.mod h1:mL1N/T3taQHkDXs73rZJwtUhF3w3ftmwwsq0BUmARs4=
golang.org/x/net v0.0.0-20190213061140-3a22650c66bd/go.mod h1:mL1N/T3taQHkDXs73rZJwtUhF3w3ftmwwsq0BUmARs4=
golang.org/x/net v0.0.0-20190311183353-d8887717615a/go.mod h1:t9HGtf8HONx5eT2rtn7q6eTqICYqUVnKs3thJo3Qplg=
golang.org/x/net v0.0.0-20190404232315-eb5bcb51f2a3/go.mod h1:t9HGtf8HONx5eT2rtn7q6eTqICYqUVnKs3thJo3Qplg=
golang.org/x/net v0.0.0-20190724013045-ca1201d0de80 h1:Ao/3l156eZf2AW5wK8a7/smtodRU+gha3+BeqJ69lRk=
golang.org/x/net v0.0.0-20190724013045-ca1201d0de80/go.mod h1:z5CRVTTTmAJ677TzLLGU+0bjPO0LkuOLi4/5GtJWs/s=
golang.org/x/oauth2 v0.0.0-20180821212333-d2e6202438be/go.mod h1:N/0e6XlmueqKjAGxoOufVs8QHGRruUQn6yWY3a++T0U=
golang.org/x/sync v0.0.0-20180314180146-1d60e4601c6f/go.mod h1:RxMgew5VJxzue5/jJTE5uejpjVlOe/izrB70Jof72aM=
golang.org/x/sync v0.0.0-20181108010431-42b317875d0f/go.mod h1:RxMgew5VJxzue5/jJTE5uejpjVlOe/izrB70Jof72aM=
golang.org/x/sync v0.0.0-20190423024810-112230192c58/go.mod h1:RxMgew5VJxzue5/jJTE5uejpjVlOe/izrB70Jof72aM=
golang.org/x/sys v0.0.0-20180830151530-49385e6e1522/go.mod h1:STP8DvDyc/dI5b8T5hshtkjS+E42TnysNCUPdjciGhY=
golang.org/x/sys v0.0.0-20190215142949-d0b11bdaac8a/go.mod h1:STP8DvDyc/dI5b8T5hshtkjS+E42TnysNCUPdjciGhY=
golang.org/x/sys v0.0.0-20190412213103-97732733099d/go.mod h1:h1NjWce9XRLGQEsW7wpKNCjG9DtNlClVuFLEZdDNbEs=
golang.org/x/sys v0.0.0-20190804053845-51ab0e2deafa h1:KIDDMLT1O0Nr7TSxp8xM5tJcdn8tgyAONntO829og1M=
golang.org/x/sys v0.0.0-20190804053845-51ab0e2deafa/go.mod h1:h1NjWce9XRLGQEsW7wpKNCjG9DtNlClVuFLEZdDNbEs=
golang.org/x/text v0.3.0 h1:g61tztE5qeGQ89tm6NTjjM9VPIm088od1l6aSorWRWg=
golang.org/x/text v0.3.0/go.mod h1:NqM8EUOU14njkJ3fqMW+pc6Ldnwhi/IjpwHt7yyuwOQ=
golang.org/x/tools v0.0.0-20190114222345-bf090417da8b/go.mod h1:n7NCudcB/nEzxVGmLbDWY5pfWTLqBcC2KZ6jyYvM4mQ=
golang.org/x/tools v0.0.0-20190226205152-f727befe758c/go.mod h1:9Yl7xja0Znq3iFh3HoIrodX9oNMXvdceNzlUR8zjMvY=
golang.org/x/tools v0.0.0-20190311212946-11955173bddd/go.mod h1:LCzVGOaR6xXOjkQ3onu1FJEFr0SW1gC7cKk1uF8kGRs=
golang.org/x/tools v0.0.0-20190524140312-2c0ae7006135/go.mod h1:RgjU9mgBXZiqYHBnxXauZ1Gv1EHHAz9KjViQ78xBX0Q=
google.golang.org/appengine v1.1.0/go.mod h1:EbEs0AVv82hx2wNQdGPgUI5lhzA/G0D9YwlJXL52JkM=
google.golang.org/appengine v1.4.0/go.mod h1:xpcJRLb0r/rnEns0DIKYYv+WjYCduHsrkT7/EB5XEv4=
google.golang.org/genproto v0.0.0-20180817151627-c66870c02cf8/go.mod h1:JiN7NxoALGmiZfu7CAH4rXhgtRTLTxftemlI0sWmxmc=
google.golang.org/genproto v0.0.0-20190801165951-fa694d86fc64 h1:iKtrH9Y8mcbADOP0YFaEMth7OfuHY9xHOwNj4znpM1A=
google.golang.org/genproto v0.0.0-20190801165951-fa694d86fc64/go.mod h1:DMBHOl98Agz4BDEuKkezgsaosCRResVns1a3J2ZsMNc=
google.golang.org/grpc v1.19.0/go.mod h1:mqu4LbDTu4XGKhr4mRzUsmM4RtVoemTSY81AxZiDr8c=
google.golang.org/grpc v1.22.1 h1:/7cs52RnTJmD43s3uxzlq2U7nqVTd/37viQwMrMNlOM=
google.golang.org/grpc v1.22.1/go.mod h1:Y5yQAOtifL1yxbo5wqy6BxZv8vAUGQwXBOALyacEbxg=
gopkg.in/sourcemap.v1 v1.0.5 h1:inv58fC9f9J3TK2Y2R1NPntXEn3/wjWHkonhIUODNTI=
gopkg.in/sourcemap.v1 v1.0.5/go.mod h1:2RlvNNSMglmRrcvhfuzp4hQHwOtjxlbjX7UPY/GXb78=
honnef.co/go/tools v0.0.0-20190102054323-c2f93a96b099/go.mod h1:rf3lG4BRIbNafJWhAfAdb/ePZxsR/4RtNHQocxwk9r4=
honnef.co/go/tools v0.0.0-20190523083050-ea95bdfd59fc/go.mod h1:rf3lG4BRIbNafJWhAfAdb/ePZxsR/4RtNHQocxwk9r4=
