# This file is autogenerated, do not edit; changes may be undone by the next 'dep ensure'.


[[projects]]
  branch = "master"
  name = "github.com/agl/ed25519"
  packages = [".","edwards25519","extra25519"]
  revision = "5312a61534124124185d41f09206b9fef1d88403"

[[projects]]
  branch = "master"
  name = "github.com/btcsuite/btcd"
  packages = ["btcec"]
  revision = "91e5ba1a80082d436cc35965d74e0a41be7f2d99"

[[projects]]
  name = "github.com/coreos/go-semver"
  packages = ["semver"]
  revision = "8ab6407b697782a06568d4b7f1db25550ec2e4c6"
  version = "v0.2.0"

[[projects]]
  name = "github.com/davecgh/go-spew"
  packages = ["spew"]
  revision = "346938d642f2ec3594ed81d874461961cd0faa76"
  version = "v1.1.0"

[[projects]]
  branch = "master"
  name = "github.com/docker/spdystream"
  packages = [".","spdy"]
  revision = "bc6354cbbc295e925e4c611ffe90c1f287ee54db"

[[projects]]
  name = "github.com/ethereum/go-ethereum"
  packages = ["common/math"]
  revision = "4bb3c89d44e372e6a9ab85a8be0c9345265c763a"
  version = "v1.7.3"

[[projects]]
  branch = "master"
  name = "github.com/fd/go-nat"
  packages = ["."]
  revision = "dcaf50131e4810440bed2cbb6f7f32c4f4cc95dd"

[[projects]]
  name = "github.com/gogo/protobuf"
  packages = ["io","proto"]
  revision = "100ba4e885062801d56799d78530b73b178a78f3"
  version = "v0.4"

[[projects]]
  name = "github.com/golang/mock"
  packages = ["gomock"]
  revision = "13f360950a79f5864a972c786a10a50e44b69541"
  version = "v1.0.0"

[[projects]]
  branch = "master"
  name = "github.com/golang/protobuf"
  packages = ["jsonpb","proto","protoc-gen-go/descriptor","ptypes","ptypes/any","ptypes/duration","ptypes/struct","ptypes/timestamp"]
  revision = "ae59567b9aab61b50b2590679a62c3c044030b61"

[[projects]]
  branch = "master"
  name = "github.com/golang/snappy"
  packages = ["."]
  revision = "553a641470496b2327abcac10b36396bd98e45c9"

[[projects]]
  name = "github.com/gorilla/websocket"
  packages = ["."]
  revision = "ea4d1f681babbce9545c9c5f3d5194a789c89f5b"
  version = "v1.2.0"

[[projects]]
  branch = "master"
  name = "github.com/grpc-ecosystem/grpc-gateway"
  packages = ["runtime","runtime/internal","utilities"]
  revision = "b0be3cdef0ed27e3c420795e2efbfe9c27e839cc"

[[projects]]
  branch = "master"
  name = "github.com/gxed/GoEndian"
  packages = ["."]
  revision = "0f5c6873267e5abf306ffcdfcfa4bf77517ef4a7"

[[projects]]
  branch = "master"
  name = "github.com/gxed/eventfd"
  packages = ["."]
  revision = "80a92cca79a8041496ccc9dd773fcb52a57ec6f9"

[[projects]]
  branch = "master"
  name = "github.com/hashicorp/golang-lru"
  packages = [".","simplelru"]
  revision = "0a025b7e63adc15a622f29b0b2c4c3848243bbf6"

[[projects]]
  branch = "master"
  name = "github.com/huin/goupnp"
  packages = [".","dcps/internetgateway1","dcps/internetgateway2","httpu","scpd","soap","ssdp"]
  revision = "5b7801abd885f2f7458add715aee47e7df5370a0"

[[projects]]
  name = "github.com/influxdata/influxdb"
  packages = ["client","models","pkg/escape"]
  revision = "6d2685d1738277a1c2672fc58df7994627769be6"
  version = "v1.4.2"

[[projects]]
  name = "github.com/ipfs/go-ipfs-util"
  packages = ["."]
  revision = "ca91b45d2e776e6e066151f7b65a3984c87e9fbb"
  version = "1.2.5"

[[projects]]
  branch = "master"
  name = "github.com/ipfs/go-log"
  packages = ["."]
  revision = "48d644b006ba26f1793bffc46396e981801078e3"

[[projects]]
  name = "github.com/jackpal/gateway"
  packages = ["."]
  revision = "3e333950771011fed13be63e62b9f473c5e0d9bf"
  version = "v1.0.4"

[[projects]]
  name = "github.com/jackpal/go-nat-pmp"
  packages = ["."]
  revision = "c9cfead9f2a36ddf3daa40ba269aa7f4bbba6b62"
  version = "v1.0.1"

[[projects]]
  name = "github.com/jbenet/go-base58"
  packages = ["."]
  revision = "6237cf65f3a6f7111cd8a42be3590df99a66bc7d"
  version = "1.0.0"

[[projects]]
  branch = "master"
  name = "github.com/jbenet/go-msgio"
  packages = [".","mpool"]
  revision = "242a3f4ed2d0098bff2f25b1bd32f4254e803b23"

[[projects]]
  branch = "master"
  name = "github.com/jbenet/go-reuseport"
  packages = [".","poll","singlepoll"]
  revision = "c5d151d96d2a1f8cf5059a161dec4098de939225"

[[projects]]
  branch = "master"
  name = "github.com/jbenet/go-sockaddr"
  packages = ["net"]
  revision = "2e7ea655c10e4d4d73365f0f073b81b39cb08ee1"

[[projects]]
  branch = "master"
  name = "github.com/jbenet/go-temp-err-catcher"
  packages = ["."]
  revision = "aac704a3f4f27190b4ccc05f303a4931fd1241ff"

[[projects]]
  branch = "master"
  name = "github.com/jbenet/goprocess"
  packages = [".","context","periodic","ratelimit"]
  revision = "b497e2f366b8624394fb2e89c10ab607bebdde0b"

[[projects]]
  branch = "master"
  name = "github.com/libp2p/go-addr-util"
  packages = ["."]
  revision = "fb087e3ab2ff109341c7bd82165093428c3b291a"

[[projects]]
  branch = "master"
  name = "github.com/libp2p/go-libp2p"
  packages = ["p2p/host/basic","p2p/protocol/identify","p2p/protocol/identify/pb"]
  revision = "7cb4b74841950fc7f48fd2d369f260f71210dfa1"

[[projects]]
  branch = "master"
  name = "github.com/libp2p/go-libp2p-circuit"
  packages = [".","pb"]
  revision = "61b99f90ee19a1a28b1e491cc076920b8d437efd"

[[projects]]
  branch = "master"
  name = "github.com/libp2p/go-libp2p-conn"
  packages = ["."]
  revision = "61ba9076bb8fb65ff24ad1242aa6f512da6ae695"

[[projects]]
  branch = "master"
  name = "github.com/libp2p/go-libp2p-connmgr"
  packages = ["."]
  revision = "358a6a7cddb35e2494c98bb602a8e6901c0066bc"

[[projects]]
  branch = "master"
  name = "github.com/libp2p/go-libp2p-crypto"
  packages = [".","pb"]
  revision = "e89e1de117dd65c6129d99d1d853f48bc847cf17"

[[projects]]
  branch = "master"
  name = "github.com/libp2p/go-libp2p-host"
  packages = ["."]
  revision = "cb85161026a1612c8c9d132a654edf711839bd98"

[[projects]]
  branch = "master"
  name = "github.com/libp2p/go-libp2p-interface-conn"
  packages = ["."]
  revision = "b3243beaa4d5ee07591b5b3e0a0f18e37b61b8f9"

[[projects]]
  branch = "master"
  name = "github.com/libp2p/go-libp2p-interface-pnet"
  packages = ["."]
  revision = "28cd03f4a907f498f60a56a20de93320dc0b68c3"

[[projects]]
  branch = "master"
  name = "github.com/libp2p/go-libp2p-kbucket"
  packages = [".","keyspace"]
  revision = "8dfe5c299a9e7440e59ea0a0e2c495bf02122119"

[[projects]]
  branch = "master"
  name = "github.com/libp2p/go-libp2p-loggables"
  packages = ["."]
  revision = "bb8a0d998a5284b1ccbcea9dc07c2abe66d6451b"

[[projects]]
  branch = "master"
  name = "github.com/libp2p/go-libp2p-metrics"
  packages = [".","conn","stream"]
  revision = "46a441d384f185669b32052794e40e0412dbbdff"

[[projects]]
  branch = "master"
  name = "github.com/libp2p/go-libp2p-nat"
  packages = ["."]
  revision = "9e4c905f5516e03f855f6fbd9e5e89823884d880"

[[projects]]
  branch = "master"
  name = "github.com/libp2p/go-libp2p-net"
  packages = ["."]
  revision = "77bfd37daa5a74bafe4567e12696e3ceeadbfede"

[[projects]]
  branch = "master"
  name = "github.com/libp2p/go-libp2p-peer"
  packages = ["."]
  revision = "d863b451638c441d046c53834ccfef13beebd025"

[[projects]]
  branch = "master"
  name = "github.com/libp2p/go-libp2p-peerstore"
  packages = [".","addr"]
  revision = "b2087a91b1d6f5f0c4477c71a51a32eb68a8c685"

[[projects]]
  branch = "master"
  name = "github.com/libp2p/go-libp2p-protocol"
  packages = ["."]
  revision = "86bfc440c3e51ec65a4629219623cc5c7e31f16a"

[[projects]]
  branch = "master"
  name = "github.com/libp2p/go-libp2p-secio"
  packages = [".","pb"]
  revision = "59400d5311f58f959ce2ebeb10a5e1d0deb6e7e5"

[[projects]]
  branch = "master"
  name = "github.com/libp2p/go-libp2p-swarm"
  packages = ["."]
  revision = "e5826f12654cdfad869cf3456ce3c89b4fd6c11d"

[[projects]]
  branch = "master"
  name = "github.com/libp2p/go-libp2p-transport"
  packages = ["."]
  revision = "1275f6d9b4355ca72bd7c8590c02ab0e043421fd"

[[projects]]
  branch = "master"
  name = "github.com/libp2p/go-maddr-filter"
  packages = ["."]
  revision = "ac6a10c4e30dabf1a55aa0f51102ae4daed951fb"

[[projects]]
  branch = "master"
  name = "github.com/libp2p/go-peerstream"
  packages = ["."]
  revision = "f93b4def7e7299b4a591fe9ed4022b890f2bc254"

[[projects]]
  branch = "master"
  name = "github.com/libp2p/go-stream-muxer"
  packages = ["."]
  revision = "6ebe3f58af097068454b167a89442050b023b571"

[[projects]]
  branch = "master"
  name = "github.com/libp2p/go-tcp-transport"
  packages = ["."]
  revision = "6dbadcc9c57be74ad0ebfb2031e865cb902977d2"

[[projects]]
  branch = "master"
  name = "github.com/libp2p/go-ws-transport"
  packages = ["."]
  revision = "5bd7350ee4509a70ebec7c38ac5bae385e314a0a"

[[projects]]
  branch = "master"
  name = "github.com/multiformats/go-multiaddr"
  packages = ["."]
  revision = "6c0f82541bfd9b3363aad12276539591377de792"

[[projects]]
  branch = "master"
  name = "github.com/multiformats/go-multiaddr-dns"
  packages = ["."]
  revision = "d974dec81f5fcad4c29a427d327afb5bc6c0f39a"

[[projects]]
  branch = "master"
  name = "github.com/multiformats/go-multiaddr-net"
  packages = ["."]
  revision = "376ba58703c84bfff9ca6e0057adf38ad48d3de5"

[[projects]]
  branch = "master"
  name = "github.com/multiformats/go-multicodec-packed"
  packages = ["."]
  revision = "0ee69486dc1c9087aacfcc575e333f305009997e"

[[projects]]
  branch = "master"
  name = "github.com/multiformats/go-multihash"
  packages = ["."]
  revision = "a52a6a4768da72eba89ea7f59f70e9d42ddd3072"

[[projects]]
  branch = "master"
  name = "github.com/multiformats/go-multistream"
  packages = ["."]
  revision = "b8f1996688ab586031517919b49b1967fca8d5d9"

[[projects]]
  branch = "master"
  name = "github.com/peterh/liner"
  packages = ["."]
  revision = "a37ad39843113264dae84a5d89fcee28f50b35c6"

[[projects]]
  name = "github.com/pmezard/go-difflib"
  packages = ["difflib"]
  revision = "792786c7400a136282c1664665ae0a8db921c6c2"
  version = "v1.0.0"

[[projects]]
  branch = "master"
  name = "github.com/rcrowley/go-metrics"
  packages = ["."]
  revision = "1f30fe9094a513ce4c700b9a54458bbb0c96996c"

[[projects]]
  branch = "master"
  name = "github.com/robertkrimen/otto"
  packages = [".","ast","dbg","file","parser","registry","token"]
  revision = "68a29f5e29b18d7367e686c43cf74eba1900f548"

[[projects]]
  name = "github.com/satori/go.uuid"
  packages = ["."]
  revision = "879c5887cd475cd7864858769793b2ceb0d44feb"
  version = "v1.1.0"

[[projects]]
  name = "github.com/sirupsen/logrus"
  packages = ["."]
  revision = "f006c2ac4710855cf0f916dd6b77acf6b048dc6e"
  version = "v1.0.3"

[[projects]]
  name = "github.com/spaolacci/murmur3"
  packages = ["."]
  revision = "0d12bf811670bf6a1a63828dfbd003eded177fce"
  version = "v1.0"

[[projects]]
  branch = "master"
  name = "github.com/stretchr/testify"
  packages = ["assert","require"]
  revision = "890a5c3458b43e6104ff5da8dfa139d013d77544"

[[projects]]
  branch = "master"
  name = "github.com/syndtr/goleveldb"
  packages = ["leveldb","leveldb/cache","leveldb/comparer","leveldb/errors","leveldb/filter","leveldb/iterator","leveldb/journal","leveldb/memdb","leveldb/opt","leveldb/storage","leveldb/table","leveldb/util"]
  revision = "b89cc31ef7977104127d34c1bd31ebd1a9db2199"

[[projects]]
  name = "github.com/urfave/cli"
  packages = ["."]
  revision = "cfb38830724cc34fedffe9a2a29fb54fa9169cd1"
  version = "v1.20.0"

[[projects]]
  branch = "master"
  name = "github.com/vrischmann/go-metrics-influxdb"
  packages = ["."]
  revision = "43af8332c303f62ef62663b02b3b7d8a9802002a"

[[projects]]
  branch = "master"
  name = "github.com/whyrusleeping/go-logging"
  packages = ["."]
  revision = "0457bb6b88fc1973573aaf6b5145d8d3ae972390"

[[projects]]
  branch = "master"
  name = "github.com/whyrusleeping/go-metrics"
  packages = ["."]
  revision = "1ca5caed0cfa95a47fd65a79762286ae626c865c"

[[projects]]
  branch = "master"
  name = "github.com/whyrusleeping/go-notifier"
  packages = ["."]
  revision = "097c5d47330ff6a823f67e3515faa13566a62c6f"

[[projects]]
  branch = "master"
  name = "github.com/whyrusleeping/go-smux-multistream"
  packages = ["."]
  revision = "afa6825376c14a0462fd420a7d4b4d157c937a42"

[[projects]]
  branch = "master"
  name = "github.com/whyrusleeping/go-smux-spdystream"
  packages = ["."]
  revision = "a6182ff2a058b177f3dc7513fe198e6002f7be78"

[[projects]]
  branch = "master"
  name = "github.com/whyrusleeping/go-smux-yamux"
  packages = ["."]
  revision = "4b90b786fa86d970c5db5a3b61088de8c8c0c14c"

[[projects]]
  branch = "master"
  name = "github.com/whyrusleeping/mafmt"
  packages = ["."]
  revision = "8eaabeb0013fb995358b239e04394c27acaf38a2"

[[projects]]
  branch = "master"
  name = "github.com/whyrusleeping/multiaddr-filter"
  packages = ["."]
  revision = "e903e4adabd70b78bc9293b6ee4f359afb3f9f59"

[[projects]]
  branch = "master"
  name = "github.com/whyrusleeping/yamux"
  packages = ["."]
  revision = "74057c4936c275b645fd51200c33a9c8a223be61"

[[projects]]
  branch = "master"
  name = "golang.org/x/crypto"
  packages = ["blake2b","blake2s","blowfish","pbkdf2","ripemd160","scrypt","sha3","ssh/terminal"]
  revision = "faadfbdc035307d901e69eea569f5dda451a3ee3"

[[projects]]
  branch = "master"
  name = "golang.org/x/net"
  packages = ["context","html","html/atom","html/charset","http2","http2/hpack","idna","internal/timeseries","lex/httplex","trace"]
  revision = "8351a756f30f1297fe94bbf4b767ec589c6ea6d0"

[[projects]]
  branch = "master"
  name = "golang.org/x/sys"
  packages = ["unix","windows"]
  revision = "062cd7e4e68206d8bab9b18396626e855c992658"

[[projects]]
  branch = "master"
  name = "golang.org/x/text"
  packages = ["collate","collate/build","encoding","encoding/charmap","encoding/htmlindex","encoding/internal","encoding/internal/identifier","encoding/japanese","encoding/korean","encoding/simplifiedchinese","encoding/traditionalchinese","encoding/unicode","internal/colltab","internal/gen","internal/tag","internal/triegen","internal/ucd","internal/utf8internal","language","runes","secure/bidirule","transform","unicode/bidi","unicode/cldr","unicode/norm","unicode/rangetable"]
  revision = "1cbadb444a806fd9430d14ad08967ed91da4fa0a"

[[projects]]
  branch = "master"
  name = "google.golang.org/genproto"
  packages = ["googleapis/api/annotations","googleapis/rpc/status"]
  revision = "f676e0f3ac6395ff1a529ae59a6670878a8371a6"

[[projects]]
  name = "google.golang.org/grpc"
  packages = [".","codes","connectivity","credentials","grpclb/grpc_lb_v1/messages","grpclog","internal","keepalive","metadata","naming","peer","reflection","reflection/grpc_reflection_v1alpha","stats","status","tap","transport"]
  revision = "f92cdcd7dcdc69e81b2d7b338479a19a8723cfa3"
  version = "v1.6.0"

[[projects]]
  name = "gopkg.in/sourcemap.v1"
  packages = [".","base64vlq"]
  revision = "6e83acea0053641eff084973fee085f0c193c61a"
  version = "v1.0.5"

[[projects]]
  branch = "master"
  name = "leb.io/hashland"
  packages = ["keccakpg"]
  revision = "e13accbe55f7fa03c73c74ace4cca4c425e47260"

[solve-meta]
  analyzer-name = "dep"
  analyzer-version = 1
  inputs-digest = "22f4597c30e20448b32b05895c8ddd6c7a9ab846ca789810ff62703b4d897d55"
  solver-name = "gps-cdcl"
  solver-version = 1
