# This file is autogenerated, do not edit; changes may be undone by the next 'dep ensure'.


[[projects]]
  branch = "master"
  digest = "1:c13cb280719d0b80ce788ff3e8e160b6b690e3ffbffcab005f86285693f0dbea"
  name = "github.com/VividCortex/godaemon"
  packages = ["."]
  pruneopts = ""
  revision = "3d9f6e0b234fe7d17448b345b2e14ac05814a758"

[[projects]]
  branch = "master"
  digest = "1:7c95e6ada3cb4c4034a75f88a137400dfe7cbd5823c66b2ec4b014018b537ff7"
  name = "github.com/agl/ed25519"
  packages = [
    ".",
    "edwards25519",
    "extra25519",
  ]
  pruneopts = ""
  revision = "5312a61534124124185d41f09206b9fef1d88403"

[[projects]]
  branch = "master"
  digest = "1:2b04a69ec309c71c2e0dfdef6d6e49ae20479abb48f7457212fc75d0ca1da819"
  name = "github.com/btcsuite/btcd"
  packages = ["btcec"]
  pruneopts = ""
  revision = "91e5ba1a80082d436cc35965d74e0a41be7f2d99"

[[projects]]
  branch = "master"
  digest = "1:827862daac23c3e946d7f0800957967e88e5d4b4b8437a303291237db3f565f3"
  name = "github.com/btcsuite/btcutil"
  packages = ["base58"]
  pruneopts = ""
  revision = "501929d3d046174c3d39f0ea54ece471aa17238c"

[[projects]]
  digest = "1:3c3f68ebab415344aef64363d23471e953a4715645115604aaf57923ae904f5e"
  name = "github.com/coreos/go-semver"
  packages = ["semver"]
  pruneopts = ""
  revision = "8ab6407b697782a06568d4b7f1db25550ec2e4c6"
  version = "v0.2.0"

[[projects]]
  digest = "1:56c130d885a4aacae1dd9c7b71cfe39912c7ebc1ff7d2b46083c8812996dc43b"
  name = "github.com/davecgh/go-spew"
  packages = ["spew"]
  pruneopts = ""
  revision = "346938d642f2ec3594ed81d874461961cd0faa76"
  version = "v1.1.0"

[[projects]]
  branch = "master"
  digest = "1:6c48291ff15f3c3b263ed6f7356acea45da69e7fca8d0d76d2c021a075fbd52a"
  name = "github.com/docker/spdystream"
  packages = [
    ".",
    "spdy",
  ]
  pruneopts = ""
  revision = "bc6354cbbc295e925e4c611ffe90c1f287ee54db"

[[projects]]
  branch = "master"
  digest = "1:c7c47fea07668e0cceeffd847d84ebcb5a25d59e9f75e3d823cadc238d11152a"
  name = "github.com/fd/go-nat"
  packages = ["."]
  pruneopts = ""
  revision = "dcaf50131e4810440bed2cbb6f7f32c4f4cc95dd"

[[projects]]
  digest = "1:be341383a4a9e1635573a4b84dbd9ef5d613f20e8283fc3f01f7de20c930d3cd"
  name = "github.com/gogo/protobuf"
  packages = [
    "io",
    "proto",
  ]
  pruneopts = ""
  revision = "100ba4e885062801d56799d78530b73b178a78f3"
  version = "v0.4"

[[projects]]
  digest = "1:a1bad350477afbc84e8cbe5c78be4579478c55335377239631ff0adb985fbabc"
  name = "github.com/golang/mock"
  packages = ["gomock"]
  pruneopts = ""
  revision = "13f360950a79f5864a972c786a10a50e44b69541"
  version = "v1.0.0"

[[projects]]
  branch = "master"
  digest = "1:cabcfea19d9d5caa22b151a08f554a44654be0a59a89539ea1d37bc8cc40e240"
  name = "github.com/golang/protobuf"
  packages = [
    "jsonpb",
    "proto",
    "protoc-gen-go/descriptor",
    "ptypes",
    "ptypes/any",
    "ptypes/duration",
    "ptypes/struct",
    "ptypes/timestamp",
  ]
  pruneopts = ""
  revision = "ae59567b9aab61b50b2590679a62c3c044030b61"

[[projects]]
  branch = "master"
  digest = "1:09307dfb1aa3f49a2bf869dcfa4c6c06ecd3c207221bd1c1a1141f0e51f209eb"
  name = "github.com/golang/snappy"
  packages = ["."]
  pruneopts = ""
  revision = "553a641470496b2327abcac10b36396bd98e45c9"

[[projects]]
  digest = "1:64d212c703a2b94054be0ce470303286b177ad260b2f89a307e3d1bb6c073ef6"
  name = "github.com/gorilla/websocket"
  packages = ["."]
  pruneopts = ""
  revision = "ea4d1f681babbce9545c9c5f3d5194a789c89f5b"
  version = "v1.2.0"

[[projects]]
  branch = "master"
  digest = "1:8b0e70a1443c88babf4d90069cccab3af57d558648858239a76476247ed3799f"
  name = "github.com/grpc-ecosystem/go-grpc-middleware"
  packages = ["."]
  pruneopts = ""
  revision = "d0c54e68681ec7999ac17864470f3bee6521ba2b"

[[projects]]
  digest = "1:9feb7485bc57adbcbc1e1037ca05588e9d8b0a3a1875fbf730021fc118859b75"
  name = "github.com/grpc-ecosystem/grpc-gateway"
  packages = ["utilities"]
  pruneopts = ""
  revision = "07f5e79768022f9a3265235f0db4ac8c3f675fec"
  version = "v1.3.1"

[[projects]]
  branch = "master"
  digest = "1:2130b5677cf02e726081ceeb39cb3e7601456da52b5dc1b844433b67ac37cb27"
  name = "github.com/gxed/GoEndian"
  packages = ["."]
  pruneopts = ""
  revision = "0f5c6873267e5abf306ffcdfcfa4bf77517ef4a7"

[[projects]]
  branch = "master"
  digest = "1:ce8331ad4e034bd1c7e38870495885e69cd66deb25d6c70debe08c87f20a178d"
  name = "github.com/gxed/eventfd"
  packages = ["."]
  pruneopts = ""
  revision = "80a92cca79a8041496ccc9dd773fcb52a57ec6f9"

[[projects]]
  branch = "master"
  digest = "1:1e529576e7eaa5e9d6fc46dc241527d54c01a5244fbcce9c151f6d52dcc576e3"
  name = "github.com/gxed/hashland"
  packages = ["keccakpg"]
  pruneopts = ""
  revision = "d9f6b97f8db22dd1e090fd0bbbe98f09cc7dd0a8"

[[projects]]
  branch = "master"
  digest = "1:43987212a2f16bfacc1a286e9118f212d60c136ed53c6c9477c18921db53140b"
  name = "github.com/hashicorp/golang-lru"
  packages = [
    ".",
    "simplelru",
  ]
  pruneopts = ""
  revision = "0a025b7e63adc15a622f29b0b2c4c3848243bbf6"

[[projects]]
  branch = "master"
  digest = "1:a53110fd70549de33f43467fcb5763cd2c31ec2687e630b692f2577e64e762dd"
  name = "github.com/huin/goupnp"
  packages = [
    ".",
    "dcps/internetgateway1",
    "dcps/internetgateway2",
    "httpu",
    "scpd",
    "soap",
    "ssdp",
  ]
  pruneopts = ""
  revision = "5b7801abd885f2f7458add715aee47e7df5370a0"

[[projects]]
  digest = "1:54dfd60faa9a778f693e04c788c09fa438d1c9fd0e2ae7bc832620accb142d57"
  name = "github.com/influxdata/influxdb"
  packages = [
    "client",
    "models",
    "pkg/escape",
  ]
  pruneopts = ""
  revision = "6d2685d1738277a1c2672fc58df7994627769be6"
  version = "v1.4.2"

[[projects]]
  digest = "1:ac868c7d7f4e86e3af1ffb05329e256f959527266d4c8d6b6236b655a4c3aca2"
  name = "github.com/ipfs/go-ipfs-util"
  packages = ["."]
  pruneopts = ""
  revision = "ca91b45d2e776e6e066151f7b65a3984c87e9fbb"
  version = "1.2.5"

[[projects]]
  branch = "master"
  digest = "1:2f8c92d342622c6c14a0debb76dd81db869bd4e03e18d5dc4648e3bf22655d42"
  name = "github.com/ipfs/go-log"
  packages = ["."]
  pruneopts = ""
  revision = "48d644b006ba26f1793bffc46396e981801078e3"

[[projects]]
  digest = "1:69ba018801f808073bbbb2fc000112bf4c163284a76c0149eb45c5e521da80eb"
  name = "github.com/jackpal/gateway"
  packages = ["."]
  pruneopts = ""
  revision = "3e333950771011fed13be63e62b9f473c5e0d9bf"
  version = "v1.0.4"

[[projects]]
  digest = "1:76f836364ae83ed811c415aa92e1209ce49de9f62aad85b85fca749a8b96a110"
  name = "github.com/jackpal/go-nat-pmp"
  packages = ["."]
  pruneopts = ""
  revision = "c9cfead9f2a36ddf3daa40ba269aa7f4bbba6b62"
  version = "v1.0.1"

[[projects]]
  digest = "1:d9d94069d1be931cc51d687abf9d47ad9ce41a5b973828db9c046caa179d4880"
  name = "github.com/jbenet/go-base58"
  packages = ["."]
  pruneopts = ""
  revision = "6237cf65f3a6f7111cd8a42be3590df99a66bc7d"
  version = "1.0.0"

[[projects]]
  branch = "master"
  digest = "1:89e92102152d7da4b6b324a2861f799ae2b5cbca4db3221347b0be4d70f413d6"
  name = "github.com/jbenet/go-temp-err-catcher"
  packages = ["."]
  pruneopts = ""
  revision = "aac704a3f4f27190b4ccc05f303a4931fd1241ff"

[[projects]]
  branch = "master"
  digest = "1:01a8aa7eef78ad390b69e50aeb768cc5e87ad95f0a73b103197338ac3dc9739c"
  name = "github.com/jbenet/goprocess"
  packages = [
    ".",
    "context",
    "periodic",
    "ratelimit",
  ]
  pruneopts = ""
  revision = "b497e2f366b8624394fb2e89c10ab607bebdde0b"

[[projects]]
  digest = "1:dcb9492a662aa1f524495f8d3534be4d6cd8b79abab71bc1ed138ad74925aa7c"
  name = "github.com/lestrrat/go-file-rotatelogs"
  packages = ["."]
  pruneopts = ""
  revision = "9df8b44f21785240553882138c5df2e9cc1db910"
  version = "v2.1.0"

[[projects]]
  branch = "master"
  digest = "1:3a69e588a25abfca43576055dfed85492d05306fca037902d4f5ea14bd9a01cd"
  name = "github.com/lestrrat/go-strftime"
  packages = ["."]
  pruneopts = ""
  revision = "04ef93e285313c8978cbc7cad26d2aa7a9927451"

[[projects]]
  branch = "master"
  digest = "1:1b6dd16adec014d15056859516ede097ed5e5d9aeaaadc3761606b1183ce0584"
  name = "github.com/libp2p/go-addr-util"
  packages = ["."]
  pruneopts = ""
  revision = "fb087e3ab2ff109341c7bd82165093428c3b291a"

[[projects]]
  branch = "master"
  digest = "1:8d8cea27a91807cc1a00bf803d3353e797ebe7b3461a594b0650d12c74fe3141"
  name = "github.com/libp2p/go-libp2p"
  packages = [
    "p2p/host/basic",
    "p2p/protocol/identify",
    "p2p/protocol/identify/pb",
  ]
  pruneopts = ""
  revision = "edb6434ddf456f58fbe2538d5336435a23915bd9"

[[projects]]
  branch = "master"
  digest = "1:b192212b9fe40bc91eb67ace60938496f80b23fdda0abd601daefc2cd42cebd7"
  name = "github.com/libp2p/go-libp2p-circuit"
  packages = [
    ".",
    "pb",
  ]
  pruneopts = ""
  revision = "4730183d80def7bc574e1b486b1f6e97a5c67bb9"

[[projects]]
  branch = "master"
  digest = "1:5ab80b2b22baf384a24e3def1e6b8b781e11051e45693b567f7e1e0150f72b76"
  name = "github.com/libp2p/go-libp2p-conn"
  packages = ["."]
  pruneopts = ""
  revision = "cac05849bae7557fcad8e3f42cc03c89bad45fb1"

[[projects]]
  digest = "1:2104cf0b75196485f6f9da02cfbd162f459643ba2e50d1029ca7c25af3392935"
  name = "github.com/libp2p/go-libp2p-crypto"
  packages = [
    ".",
    "pb",
  ]
  pruneopts = ""
  revision = "e89e1de117dd65c6129d99d1d853f48bc847cf17"

[[projects]]
  digest = "1:3cb2034627064117ab79418c6a36ba42bc9a9bfdbbe3fc45f0ab0b5b58806314"
  name = "github.com/libp2p/go-libp2p-host"
  packages = ["."]
  pruneopts = ""
  revision = "75df99651313a12e380c25eb359856d6bcc3c332"

[[projects]]
  digest = "1:f1af7ea54fb7dc302ccbe0b8782e51d2e2bdb46ff8f7ace3a0549d1dea4f6a58"
  name = "github.com/libp2p/go-libp2p-interface-conn"
  packages = ["."]
  pruneopts = ""
  revision = "e4aa48663dcc3f94df3e268ff986214ceb50fc96"

[[projects]]
  branch = "master"
  digest = "1:236aa748e6704f07ff716894f625de101d3b2ad38eec5004e2f53100c7918399"
  name = "github.com/libp2p/go-libp2p-interface-connmgr"
  packages = ["."]
  pruneopts = ""
  revision = "2d407456dc007099a2eebf82037f645160952655"

[[projects]]
  branch = "master"
  digest = "1:9a467c596aaecad0c4a4e056fb8de09e392ecbdb2bfeee74e6d8a419ac092bbb"
  name = "github.com/libp2p/go-libp2p-interface-pnet"
  packages = ["."]
  pruneopts = ""
  revision = "5f0531425ec87d70c89f255de3bd96701dfcf562"

[[projects]]
  branch = "master"
  digest = "1:723888822f9bf4634f7812d938b1973210924c82e1e0eba1e325d4bba366536e"
  name = "github.com/libp2p/go-libp2p-kbucket"
  packages = [
    ".",
    "keyspace",
  ]
  pruneopts = ""
  revision = "5ce3bb926eeeadf90708fec12343cbf858ed24b6"

[[projects]]
  branch = "master"
  digest = "1:18a1d0f90efba6e2a36b59dabb327743bbdbe160b024e18252928cfa7d672250"
  name = "github.com/libp2p/go-libp2p-loggables"
  packages = ["."]
  pruneopts = ""
  revision = "6e6fb87d3d931c325ac557a00c24ec08e8aec3bf"

[[projects]]
  branch = "master"
  digest = "1:d61f69af5cdef1b2e282fd5b6dba3fdedf1874ac94c69f7390ebb7019a4bfd12"
  name = "github.com/libp2p/go-libp2p-metrics"
  packages = [
    ".",
    "conn",
    "stream",
  ]
  pruneopts = ""
  revision = "1ac87496e992290629575655bea4330dd4ab211e"

[[projects]]
  branch = "master"
  digest = "1:e2b37ff15fb1c6162d193325a154d067888867d77015b46294eccdfa35bd47d4"
  name = "github.com/libp2p/go-libp2p-nat"
  packages = ["."]
  pruneopts = ""
  revision = "22f3bbcb92c0542889c1ccad062e9157de062ffe"

[[projects]]
  digest = "1:2a3b143a017dc84d83059e8243d8eb08c161d3075bbf8af97e3a6ca8037c3a3b"
  name = "github.com/libp2p/go-libp2p-net"
  packages = ["."]
  pruneopts = ""
  revision = "f4c6c7b7bcf224f75bc9bd547b83aaf9d2655dc3"

[[projects]]
  digest = "1:92b4c17d2cb61bae8647d63012023ce13727396ab8c93ff5d5db20b552b455cb"
  name = "github.com/libp2p/go-libp2p-peer"
  packages = ["."]
  pruneopts = ""
  revision = "bbf6c212429f9c279d99a91d2e5fd3fa8f06b0f9"

[[projects]]
  digest = "1:83ad8e3fbd1ee06e48dec9967306bfb3c71b5517a718fdcc70676ef828f643f8"
  name = "github.com/libp2p/go-libp2p-peerstore"
  packages = [
    ".",
    "addr",
  ]
  pruneopts = ""
  revision = "89838b9577a2b83eb3e1632c162cfd0daeee58e3"

[[projects]]
  branch = "master"
  digest = "1:c97b8485f3fb900f153fe0bbb88bb7f5536d59d7080c1a553707410df5579c00"
  name = "github.com/libp2p/go-libp2p-protocol"
  packages = ["."]
  pruneopts = ""
  revision = "e34f0d7468b3519bf9bf4e43c1d028ce651eab51"

[[projects]]
  branch = "master"
  digest = "1:e2fd6c102ffa215e6981b7a90d8f46fb4b1ee99303c3e7efab71d974eb38e570"
  name = "github.com/libp2p/go-libp2p-secio"
  packages = [
    ".",
    "pb",
  ]
  pruneopts = ""
  revision = "0cdc8339ad2e4f7f32e67b6a481bfbd48be5c704"

[[projects]]
  digest = "1:3993d5f4387fb81f48497d07f8baa0c5116b510a1a4323ed0be399231206db14"
  name = "github.com/libp2p/go-libp2p-swarm"
  packages = ["."]
  pruneopts = ""
  revision = "0c514e78b69fa48d1332d0fd252c83cf67724b87"

[[projects]]
  branch = "master"
  digest = "1:4aac91a4c00997101bfd65fc14205c9bfda2f880fc6da5bafdd794b256a3bfcb"
  name = "github.com/libp2p/go-libp2p-transport"
  packages = ["."]
  pruneopts = ""
  revision = "6ab1c8a1eaa770e840dfc81050c0dd5199ed8103"

[[projects]]
  branch = "master"
  digest = "1:9d3df6d543506366afd215820b01780c44a396028c21e2c0f14f2fbbc31dfa58"
  name = "github.com/libp2p/go-maddr-filter"
  packages = ["."]
  pruneopts = ""
  revision = "4e9ea17d7a48d63e00b22a953357d1a335f80cf3"

[[projects]]
  branch = "master"
  digest = "1:246baf50d70bc9233ab8d73e96b2bc3e03f1f7c612bcd26b611df851aaf2b382"
  name = "github.com/libp2p/go-msgio"
  packages = [
    ".",
    "mpool",
  ]
  pruneopts = ""
  revision = "d82125c9907e1365775356505f14277d47dfd4d6"

[[projects]]
  branch = "master"
  digest = "1:154624d79238ea165af7ac1712a1a54964bd658967b21b2be2a0c67a76aa238e"
  name = "github.com/libp2p/go-peerstream"
  packages = ["."]
  pruneopts = ""
  revision = "897bba6345df97eef1861f5ec4226f9c62697ac6"

[[projects]]
  branch = "master"
  digest = "1:138da017af9e26b9c5da338ede6c3148090cde6fa90d108a164592003cdf5f76"
  name = "github.com/libp2p/go-reuseport"
  packages = [
    ".",
    "poll",
    "singlepoll",
  ]
  pruneopts = ""
  revision = "2a863ed0ff1167e16ff48dd1de862b180af3bf27"

[[projects]]
  branch = "master"
  digest = "1:ea9541b32bb19fe6e33c9225d3a8f89a3bafc6d8630e4442cc4271c6e1f6fa90"
  name = "github.com/libp2p/go-sockaddr"
  packages = ["net"]
  pruneopts = ""
  revision = "7f35106c80c67752f88217d797aa6d099ead99f9"

[[projects]]
  branch = "master"
  digest = "1:10ea7e7386e994a2f30cbcc8b12360fd27ba2c92a78310926c880efcd050dd64"
  name = "github.com/libp2p/go-stream-muxer"
  packages = ["."]
  pruneopts = ""
  revision = "740c590020d83cffa5a092f6a08901ff0d96cc93"

[[projects]]
  branch = "master"
  digest = "1:9c9f19d07d7be3b95f2b355b55576c36f457e24c9a05ad103a5aad55589b6431"
  name = "github.com/libp2p/go-tcp-transport"
  packages = ["."]
  pruneopts = ""
  revision = "67ea83433b542708c50b1fb76bc1e5e3a5a4c3f1"

[[projects]]
  branch = "master"
  digest = "1:ed44d1b9f5e55554b00376928b5ca7b45ca9c1ff272387abb20d47e3393d76a0"
  name = "github.com/libp2p/go-ws-transport"
  packages = ["."]
  pruneopts = ""
  revision = "de6160a1d0a6c2df87ed00dd607353fb33932e48"

[[projects]]
  branch = "master"
  digest = "1:c485395b7f2482c29d261f62e1bc2d263de703eb02a6dba83c62810981b5860f"
  name = "github.com/minio/blake2b-simd"
  packages = ["."]
  pruneopts = ""
  revision = "3f5f724cb5b182a5c278d6d3d55b40e7f8c2efb4"

[[projects]]
  branch = "master"
  digest = "1:8c858d71f32ba76c660a590f352fdd474c8d33a2eea2c9453a0ed3ae636d63e3"
  name = "github.com/minio/sha256-simd"
  packages = ["."]
  pruneopts = ""
  revision = "ad98a36ba0da87206e3378c556abbfeaeaa98668"

[[projects]]
  branch = "master"
  digest = "1:4b0d251e61fe112ebeb52ce2162decdf13ae4a031c6e598c552a9b349dc4c74d"
  name = "github.com/mr-tron/base58"
  packages = ["base58"]
  pruneopts = ""
  revision = "c1bdf7c52f59d6685ca597b9955a443ff95eeee6"

[[projects]]
  digest = "1:c90ed6bd5a6a96e4b4a929c572caaa7e97d6f659d8a11a6269a54f89630522e2"
  name = "github.com/multiformats/go-multiaddr"
  packages = ["."]
  pruneopts = ""
  revision = "fb72fb2a8ef8fa11c7955820a2c5f9600b279c58"

[[projects]]
  branch = "master"
  digest = "1:e62fc0666cf238030a7a31c6f059632bcfa0b71e8f8a75cfcead98acdd405809"
  name = "github.com/multiformats/go-multiaddr-dns"
  packages = ["."]
  pruneopts = ""
  revision = "87ed7a0467713ec4204e073168e6e5adbed936de"

[[projects]]
  branch = "master"
  digest = "1:1c91f337f39f38d314b4c353b81dece715c3b0998703293924a8424954e96023"
  name = "github.com/multiformats/go-multiaddr-net"
  packages = ["."]
  pruneopts = ""
  revision = "4ce984eed7a8f77535ce5d267d0a21bd5a3d8363"

[[projects]]
  branch = "master"
  digest = "1:811ac1192ba1e50bb684bafbc018718c7f5a1815094d52e12dd6bab7f5cf76a5"
  name = "github.com/multiformats/go-multicodec"
  packages = [
    ".",
    "json",
  ]
  pruneopts = ""
  revision = "fd289ac41fba9e574f214ab2a808a1678ef8810c"

[[projects]]
  branch = "master"
  digest = "1:ce07b83d87c8c38ff575c720d85083774da092f61639118e5604077697557513"
  name = "github.com/multiformats/go-multicodec-packed"
  packages = ["."]
  pruneopts = ""
  revision = "0ee69486dc1c9087aacfcc575e333f305009997e"

[[projects]]
  branch = "master"
  digest = "1:00a2c5a021c0ca4d67d6b71ad37db0e0b989076f54b97bf9fa1a755855b380cc"
  name = "github.com/multiformats/go-multihash"
  packages = ["."]
  pruneopts = ""
  revision = "468a1b73e980e5aff011d308623e43e28c582b16"

[[projects]]
  branch = "master"
  digest = "1:6eb2ac49038751d3a694d863467e828358ee9c5e933261502c50b8f28279b79b"
  name = "github.com/multiformats/go-multistream"
  packages = ["."]
  pruneopts = ""
  revision = "661a0b9a0e6d9e99e4552c431b0eb82f58fde5b3"

[[projects]]
  branch = "master"
  digest = "1:eb6b20f5acd680a107b0d33e0f3f290c37ed1a2dc972b46367b150ea0b9fae2f"
  name = "github.com/nebulasio/grpc-gateway"
  packages = [
    "runtime",
    "runtime/internal",
    "utilities",
  ]
  pruneopts = ""
  revision = "9ed0e3fde466911904aef99bf3ecc8197d54b21d"

[[projects]]
  branch = "master"
  digest = "1:30f72985e574101b71666d6e601e7564bd02d95164da59ca17363ad194137969"
  name = "github.com/peterh/liner"
  packages = ["."]
  pruneopts = ""
  revision = "a37ad39843113264dae84a5d89fcee28f50b35c6"

[[projects]]
  digest = "1:7365acd48986e205ccb8652cc746f09c8b7876030d53710ea6ef7d0bd0dcd7ca"
  name = "github.com/pkg/errors"
  packages = ["."]
  pruneopts = ""
  revision = "645ef00459ed84a119197bfb8d8205042c6df63d"
  version = "v0.8.0"

[[projects]]
  digest = "1:256484dbbcd271f9ecebc6795b2df8cad4c458dd0f5fd82a8c2fa0c29f233411"
  name = "github.com/pmezard/go-difflib"
  packages = ["difflib"]
  pruneopts = ""
  revision = "792786c7400a136282c1664665ae0a8db921c6c2"
  version = "v1.0.0"

[[projects]]
  branch = "master"
  digest = "1:5e3f4c2357e1e95ede9f36dc027b4b5a2cca463c8899344c22ebeb7c0abab8d5"
  name = "github.com/rcrowley/go-metrics"
  packages = [
    ".",
    "exp",
  ]
  pruneopts = ""
  revision = "1f30fe9094a513ce4c700b9a54458bbb0c96996c"

[[projects]]
  digest = "1:c65d04da6306da3b27bd69e3f5691471a2567bf8d47b322692663dd66266dbab"
  name = "github.com/rifflock/lfshook"
  packages = ["."]
  pruneopts = ""
  revision = "1e6869029fcba52a12e98696e95dc1f0fb33702f"
  version = "v2.1"

[[projects]]
  branch = "master"
  digest = "1:e62a05d0d01ba2273f35a074bf0e443c26b8f8881dfcff6ae27e75e844a01552"
  name = "github.com/robertkrimen/otto"
  packages = [
    ".",
    "ast",
    "dbg",
    "file",
    "parser",
    "registry",
    "token",
  ]
  pruneopts = ""
  revision = "68a29f5e29b18d7367e686c43cf74eba1900f548"

[[projects]]
  digest = "1:fe0d7d3a09f5f5ee86ac94afb59c4ef39b08580417732aee805b3d91a90370e7"
  name = "github.com/rs/cors"
  packages = ["."]
  pruneopts = ""
  revision = "feef513b9575b32f84bafa580aad89b011259019"
  version = "v1.3.0"

[[projects]]
  digest = "1:6b55df4b0517a459af9d3879c99330af4367adcf45f3d0d37ded80a6272ae057"
  name = "github.com/satori/go.uuid"
  packages = ["."]
  pruneopts = ""
  revision = "879c5887cd475cd7864858769793b2ceb0d44feb"
  version = "v1.1.0"

[[projects]]
  digest = "1:3ac248add5bb40a3c631c5334adcd09aa72d15af2768a5bc0274084ea7b2e5ba"
  name = "github.com/sirupsen/logrus"
  packages = ["."]
  pruneopts = ""
  revision = "f006c2ac4710855cf0f916dd6b77acf6b048dc6e"
  version = "v1.0.3"

[[projects]]
  digest = "1:4b161661aa4b63db1d89c852dcd9e7ad8931bc154651a3f1c0dab8390a09d35a"
  name = "github.com/spaolacci/murmur3"
  packages = ["."]
  pruneopts = ""
  revision = "0d12bf811670bf6a1a63828dfbd003eded177fce"
  version = "v1.0"

[[projects]]
  branch = "master"
  digest = "1:d809b3524012aeaf1cbe8693ce8d7f975c6e65cd0882a618d6351e65acedf028"
  name = "github.com/stretchr/testify"
  packages = [
    "assert",
    "require",
  ]
  pruneopts = ""
  revision = "890a5c3458b43e6104ff5da8dfa139d013d77544"

[[projects]]
  branch = "master"
  digest = "1:7be251171c7dbde2244fff0ae93fe452d99e74c854ad3a4482417f39b242324b"
  name = "github.com/syndtr/goleveldb"
  packages = [
    "leveldb",
    "leveldb/cache",
    "leveldb/comparer",
    "leveldb/errors",
    "leveldb/filter",
    "leveldb/iterator",
    "leveldb/journal",
    "leveldb/memdb",
    "leveldb/opt",
    "leveldb/storage",
    "leveldb/table",
    "leveldb/util",
  ]
  pruneopts = ""
  revision = "b89cc31ef7977104127d34c1bd31ebd1a9db2199"

[[projects]]
  branch = "master"
  digest = "1:bd33a8c74446ea5023640d38176fdec110763b70556f0440074319e6ade48382"
  name = "github.com/tecbot/gorocksdb"
  packages = ["."]
  pruneopts = ""
  revision = "3e476152774442234f9a9f747386a48a1d82a515"

[[projects]]
  digest = "1:e85837cb04b78f61688c6eba93ea9d14f60d611e2aaf8319999b1a60d2dafbfa"
  name = "github.com/urfave/cli"
  packages = ["."]
  pruneopts = ""
  revision = "cfb38830724cc34fedffe9a2a29fb54fa9169cd1"
  version = "v1.20.0"

[[projects]]
  branch = "master"
  digest = "1:9c2c6a83d79a33a1f306e98add1da5f45b57c4bb38b9e712dc15ae5a2b94242a"
  name = "github.com/whyrusleeping/go-logging"
  packages = ["."]
  pruneopts = ""
  revision = "0457bb6b88fc1973573aaf6b5145d8d3ae972390"

[[projects]]
  branch = "master"
  digest = "1:090aab64a076d010a3551808b4dcbf92d651013daef1d522c050423cff21d8a1"
  name = "github.com/whyrusleeping/go-metrics"
  packages = ["."]
  pruneopts = ""
  revision = "1ca5caed0cfa95a47fd65a79762286ae626c865c"

[[projects]]
  branch = "master"
  digest = "1:baf15cd0339bcffdba0f8ac15b6f3d119515acc8ec337957956a034071227c54"
  name = "github.com/whyrusleeping/go-notifier"
  packages = ["."]
  pruneopts = ""
  revision = "097c5d47330ff6a823f67e3515faa13566a62c6f"

[[projects]]
  branch = "master"
  digest = "1:35db60ce2c81d728cdfb68f51acfb67e1577dd79bbfdf2de66f528b902972ade"
  name = "github.com/whyrusleeping/go-smux-multistream"
  packages = ["."]
  pruneopts = ""
  revision = "afa6825376c14a0462fd420a7d4b4d157c937a42"

[[projects]]
  branch = "master"
  digest = "1:ea0e09972e2f268fd00abc41864a6b2c00490b3b19008c74750f40a7fe3f5755"
  name = "github.com/whyrusleeping/go-smux-spdystream"
  packages = ["."]
  pruneopts = ""
  revision = "a6182ff2a058b177f3dc7513fe198e6002f7be78"

[[projects]]
  branch = "master"
  digest = "1:314eec805515980abbe627abc357331f74f30fdf6198fc3301674f95a8972585"
  name = "github.com/whyrusleeping/go-smux-yamux"
  packages = ["."]
  pruneopts = ""
  revision = "4b90b786fa86d970c5db5a3b61088de8c8c0c14c"

[[projects]]
  branch = "master"
  digest = "1:21cfbc37a9c7d9ee2cb2a0de8a4dd6c129a35e1e7a61f01b99038d7159e90f44"
  name = "github.com/whyrusleeping/mafmt"
  packages = ["."]
  pruneopts = ""
  revision = "8eaabeb0013fb995358b239e04394c27acaf38a2"

[[projects]]
  branch = "master"
  digest = "1:dfc2611aa657042ed022ca672ec1e236327f7cd57b7ae554a250768f34015985"
  name = "github.com/whyrusleeping/multiaddr-filter"
  packages = ["."]
  pruneopts = ""
  revision = "e903e4adabd70b78bc9293b6ee4f359afb3f9f59"

[[projects]]
  branch = "master"
  digest = "1:555073f82821cd472b13d3ffb5094f5374cd550d6442a92985a50b8b593f3f60"
  name = "github.com/whyrusleeping/yamux"
  packages = ["."]
  pruneopts = ""
  revision = "74057c4936c275b645fd51200c33a9c8a223be61"

[[projects]]
  digest = "1:2f13914a0456b82c0725dcdb7419284bdb1116d7439954d755b3d2641e6d31f0"
  name = "github.com/willf/bitset"
  packages = ["."]
  pruneopts = ""
  revision = "d860f346b89450988a379d7d705e83c58d1ea227"
  version = "v1.1.3"

[[projects]]
  digest = "1:86973c2ad2f8c2eae7e8148f4c6af4e5e10134cd0c276bb852c748b1f448374d"
  name = "github.com/willf/bloom"
  packages = ["."]
  pruneopts = ""
  revision = "54e3b963ee1652b06c4562cb9b6020ebc6e36e59"
  version = "v2.0.3"

[[projects]]
  branch = "master"
  digest = "1:71051c4cbf7a4503b4f6d0e815da76f2731a08a68ac813e84076fb84db8bf5ca"
  name = "golang.org/x/crypto"
  packages = [
    "blake2s",
    "blowfish",
    "pbkdf2",
    "ripemd160",
    "scrypt",
    "sha3",
    "ssh/terminal",
  ]
  pruneopts = ""
  revision = "faadfbdc035307d901e69eea569f5dda451a3ee3"
  source = "https://github.com/golang/crypto.git"

[[projects]]
  branch = "master"
  digest = "1:4d72ed63792924162d3d65ac102e7c9e0e748fc33d80dbb4b044933ebd492468"
  name = "golang.org/x/net"
  packages = [
    "context",
    "html",
    "html/atom",
    "html/charset",
    "http2",
    "http2/hpack",
    "idna",
    "internal/timeseries",
    "lex/httplex",
    "netutil",
    "trace",
  ]
  pruneopts = ""
  revision = "8351a756f30f1297fe94bbf4b767ec589c6ea6d0"
  source = "https://github.com/golang/net.git"

[[projects]]
  branch = "master"
  digest = "1:cc11c1cd2fbbd5a2e883bb581b74c0a61857239fa9cd5cf96e274eb447689354"
  name = "golang.org/x/sys"
  packages = [
    "unix",
    "windows",
  ]
  pruneopts = ""
  revision = "062cd7e4e68206d8bab9b18396626e855c992658"

[[projects]]
  branch = "master"
  digest = "1:6ffd50f330d82d5a92f109253f3831900ccb99f973fb7d614e54ceaf6a41dcec"
  name = "golang.org/x/text"
  packages = [
    "collate",
    "collate/build",
    "encoding",
    "encoding/charmap",
    "encoding/htmlindex",
    "encoding/internal",
    "encoding/internal/identifier",
    "encoding/japanese",
    "encoding/korean",
    "encoding/simplifiedchinese",
    "encoding/traditionalchinese",
    "encoding/unicode",
    "internal/colltab",
    "internal/gen",
    "internal/tag",
    "internal/triegen",
    "internal/ucd",
    "internal/utf8internal",
    "language",
    "runes",
    "secure/bidirule",
    "transform",
    "unicode/bidi",
    "unicode/cldr",
    "unicode/norm",
    "unicode/rangetable",
  ]
  pruneopts = ""
  revision = "1cbadb444a806fd9430d14ad08967ed91da4fa0a"

[[projects]]
  branch = "master"
  digest = "1:180913ea45cbe0072abce387a686b929908f8213106a735fe1d1273ae5239648"
  name = "google.golang.org/genproto"
  packages = [
    "googleapis/api/annotations",
    "googleapis/rpc/status",
  ]
  pruneopts = ""
  revision = "f676e0f3ac6395ff1a529ae59a6670878a8371a6"

[[projects]]
  digest = "1:1c1ce3d4783796c0922d16dec8b0e9be02d383888e9126718e5a5db8baa3fe6d"
  name = "google.golang.org/grpc"
  packages = [
    ".",
    "balancer",
    "balancer/base",
    "balancer/roundrobin",
    "codes",
    "connectivity",
    "credentials",
    "encoding",
    "grpclb/grpc_lb_v1/messages",
    "grpclog",
    "internal",
    "keepalive",
    "metadata",
    "naming",
    "peer",
    "reflection",
    "reflection/grpc_reflection_v1alpha",
    "resolver",
    "resolver/dns",
    "resolver/passthrough",
    "stats",
    "status",
    "tap",
    "transport",
  ]
  pruneopts = ""
  revision = "6b51017f791ae1cfbec89c52efdf444b13b550ef"
  version = "v1.12.0"

[[projects]]
  digest = "1:be5b8bdf182abbef3c4e0d0926bba912ef41b097f001259cb5d2187370bb2e5b"
  name = "gopkg.in/sourcemap.v1"
  packages = [
    ".",
    "base64vlq",
  ]
  pruneopts = ""
  revision = "6e83acea0053641eff084973fee085f0c193c61a"
  version = "v1.0.5"

[solve-meta]
  analyzer-name = "dep"
  analyzer-version = 1
  input-imports = [
    "github.com/VividCortex/godaemon",
    "github.com/btcsuite/btcutil/base58",
    "github.com/gogo/protobuf/proto",
    "github.com/golang/mock/gomock",
    "github.com/golang/protobuf/proto",
    "github.com/golang/snappy",
    "github.com/grpc-ecosystem/go-grpc-middleware",
    "github.com/hashicorp/golang-lru",
    "github.com/influxdata/influxdb/client",
    "github.com/lestrrat/go-file-rotatelogs",
    "github.com/libp2p/go-libp2p-crypto",
    "github.com/libp2p/go-libp2p-host",
    "github.com/libp2p/go-libp2p-interface-conn",
    "github.com/libp2p/go-libp2p-kbucket",
    "github.com/libp2p/go-libp2p-net",
    "github.com/libp2p/go-libp2p-peer",
    "github.com/libp2p/go-libp2p-peerstore",
    "github.com/libp2p/go-libp2p-swarm",
    "github.com/libp2p/go-libp2p/p2p/host/basic",
    "github.com/multiformats/go-multiaddr",
    "github.com/multiformats/go-multicodec",
    "github.com/multiformats/go-multicodec/json",
    "github.com/nebulasio/grpc-gateway/runtime",
    "github.com/nebulasio/grpc-gateway/utilities",
    "github.com/peterh/liner",
    "github.com/rcrowley/go-metrics",
    "github.com/rcrowley/go-metrics/exp",
    "github.com/rifflock/lfshook",
    "github.com/robertkrimen/otto",
    "github.com/rs/cors",
    "github.com/satori/go.uuid",
    "github.com/sirupsen/logrus",
    "github.com/stretchr/testify/assert",
    "github.com/stretchr/testify/require",
    "github.com/syndtr/goleveldb/leveldb",
    "github.com/syndtr/goleveldb/leveldb/filter",
    "github.com/syndtr/goleveldb/leveldb/opt",
    "github.com/tecbot/gorocksdb",
    "github.com/urfave/cli",
    "github.com/willf/bloom",
    "golang.org/x/crypto/ripemd160",
    "golang.org/x/crypto/scrypt",
    "golang.org/x/crypto/sha3",
    "golang.org/x/net/context",
    "golang.org/x/net/netutil",
    "google.golang.org/genproto/googleapis/api/annotations",
    "google.golang.org/grpc",
    "google.golang.org/grpc/codes",
    "google.golang.org/grpc/grpclog",
    "google.golang.org/grpc/reflection",
    "google.golang.org/grpc/status",
  ]
  solver-name = "gps-cdcl"
  solver-version = 1
